// !$*UTF8*$!
{
	archiveVersion = 1;
	classes = {
	};
	objectVersion = 46;
	objects = {

/* Begin PBXBuildFile section */
		220408D91AEC5475009DB060 /* TrunkListViewController.m in Sources */ = {isa = PBXBuildFile; fileRef = 220408D81AEC5475009DB060 /* TrunkListViewController.m */; };
		220408DC1AED52C3009DB060 /* TrunkTableViewCell.m in Sources */ = {isa = PBXBuildFile; fileRef = 220408DB1AED52C3009DB060 /* TrunkTableViewCell.m */; };
		220408E41AED58C0009DB060 /* TrunkViewController.m in Sources */ = {isa = PBXBuildFile; fileRef = 220408E31AED58C0009DB060 /* TrunkViewController.m */; };
		220408E71AEDB23F009DB060 /* TrunkCollectionViewCell.m in Sources */ = {isa = PBXBuildFile; fileRef = 220408E61AEDB23F009DB060 /* TrunkCollectionViewCell.m */; };
		220408F11AF1C1EA009DB060 /* PhotoViewController.m in Sources */ = {isa = PBXBuildFile; fileRef = 220408F01AF1C1EA009DB060 /* PhotoViewController.m */; };
		220408F41AF311D6009DB060 /* Comment.m in Sources */ = {isa = PBXBuildFile; fileRef = 220408F31AF311D6009DB060 /* Comment.m */; };
		2232F9C61C6E241D00D9A2D3 /* TTNewsFeedViewController.m in Sources */ = {isa = PBXBuildFile; fileRef = 2232F9C51C6E241D00D9A2D3 /* TTNewsFeedViewController.m */; };
		2232F9C91C7239AC00D9A2D3 /* TTTimeLineCollectionViewCell.m in Sources */ = {isa = PBXBuildFile; fileRef = 2232F9C81C7239AC00D9A2D3 /* TTTimeLineCollectionViewCell.m */; };
		22343AE71BC9A42C00F0B2E5 /* TTBaseViewController.m in Sources */ = {isa = PBXBuildFile; fileRef = 22343AE61BC9A42C00F0B2E5 /* TTBaseViewController.m */; };
		22343AEA1BC9A85F00F0B2E5 /* TTBaseTableViewController.m in Sources */ = {isa = PBXBuildFile; fileRef = 22343AE91BC9A85F00F0B2E5 /* TTBaseTableViewController.m */; };
		223547E81AE2BBAE001FE916 /* Accounts.framework in Frameworks */ = {isa = PBXBuildFile; fileRef = 223547E71AE2BBAE001FE916 /* Accounts.framework */; };
		223547EA1AE2BBD0001FE916 /* MapKit.framework in Frameworks */ = {isa = PBXBuildFile; fileRef = 223547E91AE2BBD0001FE916 /* MapKit.framework */; };
		223547EC1AE2BBD8001FE916 /* CoreLocation.framework in Frameworks */ = {isa = PBXBuildFile; fileRef = 223547EB1AE2BBD8001FE916 /* CoreLocation.framework */; };
		223547EE1AE2BBEE001FE916 /* Social.framework in Frameworks */ = {isa = PBXBuildFile; fileRef = 223547ED1AE2BBEE001FE916 /* Social.framework */; };
		223547F11AE320FF001FE916 /* AddTripViewController.m in Sources */ = {isa = PBXBuildFile; fileRef = 223547F01AE320FF001FE916 /* AddTripViewController.m */; };
		223547F41AE322C3001FE916 /* Trip.m in Sources */ = {isa = PBXBuildFile; fileRef = 223547F31AE322C3001FE916 /* Trip.m */; };
		223547F71AE333F2001FE916 /* Photo.m in Sources */ = {isa = PBXBuildFile; fileRef = 223547F61AE333F2001FE916 /* Photo.m */; };
		223547FA1AE5A763001FE916 /* AddTripPhotosViewController.m in Sources */ = {isa = PBXBuildFile; fileRef = 223547F91AE5A763001FE916 /* AddTripPhotosViewController.m */; };
		22474D7D1AE5E29400C76E87 /* PhotoCollectionViewCell.m in Sources */ = {isa = PBXBuildFile; fileRef = 22474D7C1AE5E29400C76E87 /* PhotoCollectionViewCell.m */; };
		224F3F921AE1D35E003A1DEB /* main.m in Sources */ = {isa = PBXBuildFile; fileRef = 224F3F911AE1D35E003A1DEB /* main.m */; };
		224F3F951AE1D35E003A1DEB /* AppDelegate.m in Sources */ = {isa = PBXBuildFile; fileRef = 224F3F941AE1D35E003A1DEB /* AppDelegate.m */; };
		224F3F9B1AE1D35E003A1DEB /* Main.storyboard in Resources */ = {isa = PBXBuildFile; fileRef = 224F3F991AE1D35E003A1DEB /* Main.storyboard */; };
		224F3F9D1AE1D35E003A1DEB /* Images.xcassets in Resources */ = {isa = PBXBuildFile; fileRef = 224F3F9C1AE1D35E003A1DEB /* Images.xcassets */; };
		224F3FA01AE1D35E003A1DEB /* LaunchScreen.xib in Resources */ = {isa = PBXBuildFile; fileRef = 224F3F9E1AE1D35E003A1DEB /* LaunchScreen.xib */; };
		224F3FAC1AE1D35E003A1DEB /* TripTrunkTests.m in Sources */ = {isa = PBXBuildFile; fileRef = 224F3FAB1AE1D35E003A1DEB /* TripTrunkTests.m */; };
		224F3FBB1AE1D8F6003A1DEB /* LoginViewController.m in Sources */ = {isa = PBXBuildFile; fileRef = 224F3FBA1AE1D8F6003A1DEB /* LoginViewController.m */; };
		224F3FE61AE1E565003A1DEB /* AudioToolbox.framework in Frameworks */ = {isa = PBXBuildFile; fileRef = 224F3FE51AE1E565003A1DEB /* AudioToolbox.framework */; };
		224F3FE81AE1E56B003A1DEB /* CFNetwork.framework in Frameworks */ = {isa = PBXBuildFile; fileRef = 224F3FE71AE1E56B003A1DEB /* CFNetwork.framework */; };
		224F3FEA1AE1E572003A1DEB /* CoreGraphics.framework in Frameworks */ = {isa = PBXBuildFile; fileRef = 224F3FE91AE1E572003A1DEB /* CoreGraphics.framework */; };
		224F3FEC1AE1E583003A1DEB /* MobileCoreServices.framework in Frameworks */ = {isa = PBXBuildFile; fileRef = 224F3FEB1AE1E583003A1DEB /* MobileCoreServices.framework */; };
		224F3FEE1AE1E589003A1DEB /* QuartzCore.framework in Frameworks */ = {isa = PBXBuildFile; fileRef = 224F3FED1AE1E589003A1DEB /* QuartzCore.framework */; };
		224F3FF01AE1E590003A1DEB /* Security.framework in Frameworks */ = {isa = PBXBuildFile; fileRef = 224F3FEF1AE1E590003A1DEB /* Security.framework */; };
		224F3FF41AE1E5A6003A1DEB /* SystemConfiguration.framework in Frameworks */ = {isa = PBXBuildFile; fileRef = 224F3FF31AE1E5A6003A1DEB /* SystemConfiguration.framework */; };
		224F3FF61AE1E5AE003A1DEB /* libz.dylib in Frameworks */ = {isa = PBXBuildFile; fileRef = 224F3FF51AE1E5AE003A1DEB /* libz.dylib */; };
		224F3FF81AE1E5B8003A1DEB /* libsqlite3.dylib in Frameworks */ = {isa = PBXBuildFile; fileRef = 224F3FF71AE1E5B8003A1DEB /* libsqlite3.dylib */; };
		224F3FFA1AE1E5BE003A1DEB /* UIKit.framework in Frameworks */ = {isa = PBXBuildFile; fileRef = 224F3FF91AE1E5BE003A1DEB /* UIKit.framework */; };
		22560FD31BFCE459005D81E2 /* PublicTripDetail.m in Sources */ = {isa = PBXBuildFile; fileRef = 22560FD21BFCE459005D81E2 /* PublicTripDetail.m */; };
		2268B09E1B32485300C941C4 /* HomeMapViewController.m in Sources */ = {isa = PBXBuildFile; fileRef = 2268B09D1B32485300C941C4 /* HomeMapViewController.m */; };
		226AAC0F1BB21CEF0031AF98 /* UserCellCollectionViewCell.m in Sources */ = {isa = PBXBuildFile; fileRef = 226AAC0E1BB21CEF0031AF98 /* UserCellCollectionViewCell.m */; };
		2289D9861B0AAE7200CEECF5 /* ParseFacebookUtilsV4.framework in Frameworks */ = {isa = PBXBuildFile; fileRef = 2289D9851B0AAE7200CEECF5 /* ParseFacebookUtilsV4.framework */; };
		2289D9881B0AAE8100CEECF5 /* Parse.framework in Frameworks */ = {isa = PBXBuildFile; fileRef = 2289D9871B0AAE8100CEECF5 /* Parse.framework */; };
		2289D98A1B0AAE9200CEECF5 /* ParseUI.framework in Frameworks */ = {isa = PBXBuildFile; fileRef = 2289D9891B0AAE9200CEECF5 /* ParseUI.framework */; };
		229D42861AE850C700458244 /* TripImageView.m in Sources */ = {isa = PBXBuildFile; fileRef = 229D42851AE850C700458244 /* TripImageView.m */; };
		22CBFDDF1BE2D4BB00D38E8D /* EditCaptionViewController.m in Sources */ = {isa = PBXBuildFile; fileRef = 22CBFDDE1BE2D4BB00D38E8D /* EditCaptionViewController.m */; };
		22DDB3511BD5E21D00FBEAAC /* TTForgotPasswordViewController.m in Sources */ = {isa = PBXBuildFile; fileRef = 22DDB3501BD5E21D00FBEAAC /* TTForgotPasswordViewController.m */; };
		272A4AE21C73770D00700DCA /* KILabel.m in Sources */ = {isa = PBXBuildFile; fileRef = 272A4AE11C73770D00700DCA /* KILabel.m */; };
		272A4AE81C77CF5400700DCA /* TTSuggestionTableViewController.m in Sources */ = {isa = PBXBuildFile; fileRef = 272A4AE71C77CF5400700DCA /* TTSuggestionTableViewController.m */; };
		4C80831D1BDABCDD00DB1AC0 /* TutorialViewController.m in Sources */ = {isa = PBXBuildFile; fileRef = 4C80831B1BDABCDD00DB1AC0 /* TutorialViewController.m */; };
		4C80831E1BDABCDD00DB1AC0 /* TutorialViewController.xib in Resources */ = {isa = PBXBuildFile; fileRef = 4C80831C1BDABCDD00DB1AC0 /* TutorialViewController.xib */; };
		66ABD90AD9444AC11462D4FC /* libPods.a in Frameworks */ = {isa = PBXBuildFile; fileRef = 900CAF97ED54CF7422AA80B6 /* libPods.a */; };
		C9021F201B9F827700E2EA96 /* ParseCrashReporting.framework in Frameworks */ = {isa = PBXBuildFile; fileRef = C9021F1F1B9F827700E2EA96 /* ParseCrashReporting.framework */; };
		C9021F221B9F82CB00E2EA96 /* libstdc++.6.dylib in Frameworks */ = {isa = PBXBuildFile; fileRef = C9021F211B9F82CB00E2EA96 /* libstdc++.6.dylib */; };
		C9021F241B9F876100E2EA96 /* Bolts.framework in Frameworks */ = {isa = PBXBuildFile; fileRef = C9021F231B9F876100E2EA96 /* Bolts.framework */; };
		C9021F251B9F885900E2EA96 /* Bolts.framework in Frameworks */ = {isa = PBXBuildFile; fileRef = C9021F231B9F876100E2EA96 /* Bolts.framework */; };
		C9026A101AF955FD00A617F0 /* FBSDKCoreKit.framework in Frameworks */ = {isa = PBXBuildFile; fileRef = C9026A0F1AF955FD00A617F0 /* FBSDKCoreKit.framework */; };
		C9026A141AF95C6100A617F0 /* FBSDKLoginKit.framework in Frameworks */ = {isa = PBXBuildFile; fileRef = C9026A131AF95C6100A617F0 /* FBSDKLoginKit.framework */; };
		C903F7141B98885500F56FE1 /* CommentListViewController.m in Sources */ = {isa = PBXBuildFile; fileRef = C903F7131B98885500F56FE1 /* CommentListViewController.m */; };
		C90552171B3C3ABC007B5946 /* MBProgressHUD.m in Sources */ = {isa = PBXBuildFile; fileRef = C90552161B3C3ABC007B5946 /* MBProgressHUD.m */; };
		C90ADEAD1BA21F1A000809D0 /* EditProfileViewController.m in Sources */ = {isa = PBXBuildFile; fileRef = C90ADEAB1BA21F1A000809D0 /* EditProfileViewController.m */; };
		C90ADEAE1BA21F1A000809D0 /* EditProfileViewController.xib in Resources */ = {isa = PBXBuildFile; fileRef = C90ADEAC1BA21F1A000809D0 /* EditProfileViewController.xib */; };
		C90C3CF11B04F40000CABBC9 /* FriendsListViewController.m in Sources */ = {isa = PBXBuildFile; fileRef = C90C3CEF1B04F40000CABBC9 /* FriendsListViewController.m */; };
		C90C3CF21B04F40000CABBC9 /* FriendsListViewController.xib in Resources */ = {isa = PBXBuildFile; fileRef = C90C3CF01B04F40000CABBC9 /* FriendsListViewController.xib */; };
		C90C3CF61B04F45500CABBC9 /* UserTableViewCell.m in Sources */ = {isa = PBXBuildFile; fileRef = C90C3CF41B04F45500CABBC9 /* UserTableViewCell.m */; };
		C90C3CF71B04F45500CABBC9 /* UserTableViewCell.xib in Resources */ = {isa = PBXBuildFile; fileRef = C90C3CF51B04F45500CABBC9 /* UserTableViewCell.xib */; };
		C90C3CFA1B04F9C400CABBC9 /* UIImageView+AFNetworking.m in Sources */ = {isa = PBXBuildFile; fileRef = C90C3CF91B04F9C400CABBC9 /* UIImageView+AFNetworking.m */; };
		C90C3D0F1B04FC2200CABBC9 /* AFHTTPRequestOperation.m in Sources */ = {isa = PBXBuildFile; fileRef = C90C3CFD1B04FC2200CABBC9 /* AFHTTPRequestOperation.m */; };
		C90C3D101B04FC2200CABBC9 /* AFHTTPRequestOperationManager.m in Sources */ = {isa = PBXBuildFile; fileRef = C90C3CFF1B04FC2200CABBC9 /* AFHTTPRequestOperationManager.m */; };
		C90C3D111B04FC2200CABBC9 /* AFHTTPSessionManager.m in Sources */ = {isa = PBXBuildFile; fileRef = C90C3D011B04FC2200CABBC9 /* AFHTTPSessionManager.m */; };
		C90C3D121B04FC2200CABBC9 /* AFNetworkReachabilityManager.m in Sources */ = {isa = PBXBuildFile; fileRef = C90C3D041B04FC2200CABBC9 /* AFNetworkReachabilityManager.m */; };
		C90C3D131B04FC2200CABBC9 /* AFSecurityPolicy.m in Sources */ = {isa = PBXBuildFile; fileRef = C90C3D061B04FC2200CABBC9 /* AFSecurityPolicy.m */; };
		C90C3D141B04FC2200CABBC9 /* AFURLConnectionOperation.m in Sources */ = {isa = PBXBuildFile; fileRef = C90C3D081B04FC2200CABBC9 /* AFURLConnectionOperation.m */; };
		C90C3D151B04FC2200CABBC9 /* AFURLRequestSerialization.m in Sources */ = {isa = PBXBuildFile; fileRef = C90C3D0A1B04FC2200CABBC9 /* AFURLRequestSerialization.m */; };
		C90C3D161B04FC2200CABBC9 /* AFURLResponseSerialization.m in Sources */ = {isa = PBXBuildFile; fileRef = C90C3D0C1B04FC2200CABBC9 /* AFURLResponseSerialization.m */; };
		C90C3D171B04FC2200CABBC9 /* AFURLSessionManager.m in Sources */ = {isa = PBXBuildFile; fileRef = C90C3D0E1B04FC2200CABBC9 /* AFURLSessionManager.m */; };
		C90C3D1C1B053F4B00CABBC9 /* UserProfileViewController.m in Sources */ = {isa = PBXBuildFile; fileRef = C90C3D1B1B053F4B00CABBC9 /* UserProfileViewController.m */; };
		C910B1941B66B97700788BE0 /* ActivityListViewController.m in Sources */ = {isa = PBXBuildFile; fileRef = C910B1931B66B97700788BE0 /* ActivityListViewController.m */; };
		C9525A341B251FC100185713 /* libCloudinary.a in Frameworks */ = {isa = PBXBuildFile; fileRef = C9525A331B251FC100185713 /* libCloudinary.a */; settings = {ATTRIBUTES = (Required, ); }; };
		C9525A351B251FC100185713 /* libCloudinary.a in Frameworks */ = {isa = PBXBuildFile; fileRef = C9525A331B251FC100185713 /* libCloudinary.a */; };
		C9525A3E1B25218800185713 /* TTUtility.m in Sources */ = {isa = PBXBuildFile; fileRef = C9525A3D1B25218800185713 /* TTUtility.m */; };
		C9525A3F1B25218800185713 /* TTUtility.m in Sources */ = {isa = PBXBuildFile; fileRef = C9525A3D1B25218800185713 /* TTUtility.m */; };
		C9525A401B25297300185713 /* Parse.framework in Frameworks */ = {isa = PBXBuildFile; fileRef = 2289D9871B0AAE8100CEECF5 /* Parse.framework */; };
		C95493891B7CD2FA00BD8CB6 /* UIScrollView+EmptyDataSet.m in Sources */ = {isa = PBXBuildFile; fileRef = C95493881B7CD2FA00BD8CB6 /* UIScrollView+EmptyDataSet.m */; };
		C95FD1411B2A66A7001755FF /* TPKeyboardAvoidingScrollView.m in Sources */ = {isa = PBXBuildFile; fileRef = C95FD13E1B2A66A7001755FF /* TPKeyboardAvoidingScrollView.m */; };
		C95FD1421B2A66A7001755FF /* UIScrollView+TPKeyboardAvoidingAdditions.m in Sources */ = {isa = PBXBuildFile; fileRef = C95FD1401B2A66A7001755FF /* UIScrollView+TPKeyboardAvoidingAdditions.m */; };
		C977065D1B9754B000FB11B2 /* ActivityTableViewCell.m in Sources */ = {isa = PBXBuildFile; fileRef = C977065B1B9754B000FB11B2 /* ActivityTableViewCell.m */; };
		C977065E1B9754B000FB11B2 /* ActivityTableViewCell.xib in Resources */ = {isa = PBXBuildFile; fileRef = C977065C1B9754B000FB11B2 /* ActivityTableViewCell.xib */; };
		C97706611B975EC300FB11B2 /* TTTAttributedLabel.m in Sources */ = {isa = PBXBuildFile; fileRef = C97706601B975EC300FB11B2 /* TTTAttributedLabel.m */; };
		C97706641B97C7C000FB11B2 /* TTTTimeIntervalFormatter.m in Sources */ = {isa = PBXBuildFile; fileRef = C97706631B97C7C000FB11B2 /* TTTTimeIntervalFormatter.m */; };
		C98FF3861B9F3B110041480E /* CitySearchViewController.m in Sources */ = {isa = PBXBuildFile; fileRef = C98FF3851B9F3B110041480E /* CitySearchViewController.m */; };
		C9996DD51B45CB2C00326A51 /* ParseErrorHandlingController.m in Sources */ = {isa = PBXBuildFile; fileRef = C9996DD41B45CB2C00326A51 /* ParseErrorHandlingController.m */; };
		C9ABA4DA1B4EAC4D006F0625 /* Photos.framework in Frameworks */ = {isa = PBXBuildFile; fileRef = C9ABA4D91B4EAC4D006F0625 /* Photos.framework */; };
		C9C729A01B0248D900BA68D2 /* SocialUtility.m in Sources */ = {isa = PBXBuildFile; fileRef = C9C7299F1B0248D900BA68D2 /* SocialUtility.m */; };
		C9CA645A1BE523A500A25EBC /* PhotosUI.framework in Frameworks */ = {isa = PBXBuildFile; fileRef = C9CA64591BE523A500A25EBC /* PhotosUI.framework */; };
		C9CAE0B71BA0788A00E92A7E /* UserProfileViewController.xib in Resources */ = {isa = PBXBuildFile; fileRef = C9CAE0B61BA0788A00E92A7E /* UserProfileViewController.xib */; };
		C9CD1CA61AFC079600D967A5 /* UsernameViewController.m in Sources */ = {isa = PBXBuildFile; fileRef = C9CD1CA51AFC079600D967A5 /* UsernameViewController.m */; };
		C9CD1CA91AFC1E0300D967A5 /* FindFriendsViewController.m in Sources */ = {isa = PBXBuildFile; fileRef = C9CD1CA81AFC1E0300D967A5 /* FindFriendsViewController.m */; };
		C9CD1CAC1AFC27FA00D967A5 /* FriendTableViewCell.m in Sources */ = {isa = PBXBuildFile; fileRef = C9CD1CAB1AFC27FA00D967A5 /* FriendTableViewCell.m */; };
		C9D893391BB596FB00259AB4 /* NSObject+Properties.m in Sources */ = {isa = PBXBuildFile; fileRef = C9D893361BB596FB00259AB4 /* NSObject+Properties.m */; };
		C9D8933A1BB596FB00259AB4 /* PFObject+NSCoding.m in Sources */ = {isa = PBXBuildFile; fileRef = C9D893381BB596FB00259AB4 /* PFObject+NSCoding.m */; };
		C9EC0F621B2A68F8004FFDC3 /* MSTextField.m in Sources */ = {isa = PBXBuildFile; fileRef = C9EC0F611B2A68F8004FFDC3 /* MSTextField.m */; };
		C9F0D66B1B73D15900957F59 /* TTCache.m in Sources */ = {isa = PBXBuildFile; fileRef = C9F0D66A1B73D15900957F59 /* TTCache.m */; };
		C9F4C44E1B46EA6D00EFF6B3 /* photo134.png in Resources */ = {isa = PBXBuildFile; fileRef = C9F4C44D1B46EA6D00EFF6B3 /* photo134.png */; };
		C9F6B4F81B5575E8003BD4D5 /* UIColor+HexColors.m in Sources */ = {isa = PBXBuildFile; fileRef = C9F6B4F71B5575E8003BD4D5 /* UIColor+HexColors.m */; };
		C9F9177C1B4ECFDC00AE8953 /* MSFloatingProgressView.m in Sources */ = {isa = PBXBuildFile; fileRef = C9F9177B1B4ECFDC00AE8953 /* MSFloatingProgressView.m */; };
		C9FAB7A01B18D7C200282EA3 /* AddTripFriendsViewController.m in Sources */ = {isa = PBXBuildFile; fileRef = C9FAB79F1B18D7C200282EA3 /* AddTripFriendsViewController.m */; };
		C9FAB7AD1B1B9FC600282EA3 /* TrunkMembersViewController.m in Sources */ = {isa = PBXBuildFile; fileRef = C9FAB7AC1B1B9FC600282EA3 /* TrunkMembersViewController.m */; };
		C9FB808B1B827CA4008B8A67 /* CommentTableViewCell.m in Sources */ = {isa = PBXBuildFile; fileRef = C9FB80891B827CA4008B8A67 /* CommentTableViewCell.m */; };
		C9FB808C1B827CA4008B8A67 /* CommentTableViewCell.xib in Resources */ = {isa = PBXBuildFile; fileRef = C9FB808A1B827CA4008B8A67 /* CommentTableViewCell.xib */; };
		C9FB808F1B83C7E9008B8A67 /* TTCommentInputView.m in Sources */ = {isa = PBXBuildFile; fileRef = C9FB808E1B83C7E9008B8A67 /* TTCommentInputView.m */; };
		C9FC5A221BC49CE200EB5158 /* EULAViewController.m in Sources */ = {isa = PBXBuildFile; fileRef = C9FC5A201BC49CE200EB5158 /* EULAViewController.m */; };
		C9FC5A231BC49CE200EB5158 /* EULAViewController.xib in Resources */ = {isa = PBXBuildFile; fileRef = C9FC5A211BC49CE200EB5158 /* EULAViewController.xib */; };
/* End PBXBuildFile section */

/* Begin PBXContainerItemProxy section */
		224F3FA61AE1D35E003A1DEB /* PBXContainerItemProxy */ = {
			isa = PBXContainerItemProxy;
			containerPortal = 224F3F841AE1D35E003A1DEB /* Project object */;
			proxyType = 1;
			remoteGlobalIDString = 224F3F8B1AE1D35E003A1DEB;
			remoteInfo = TripTrunk;
		};
/* End PBXContainerItemProxy section */

/* Begin PBXFileReference section */
		220408D71AEC5475009DB060 /* TrunkListViewController.h */ = {isa = PBXFileReference; fileEncoding = 4; lastKnownFileType = sourcecode.c.h; path = TrunkListViewController.h; sourceTree = "<group>"; };
		220408D81AEC5475009DB060 /* TrunkListViewController.m */ = {isa = PBXFileReference; fileEncoding = 4; lastKnownFileType = sourcecode.c.objc; path = TrunkListViewController.m; sourceTree = "<group>"; };
		220408DA1AED52C3009DB060 /* TrunkTableViewCell.h */ = {isa = PBXFileReference; fileEncoding = 4; lastKnownFileType = sourcecode.c.h; path = TrunkTableViewCell.h; sourceTree = "<group>"; };
		220408DB1AED52C3009DB060 /* TrunkTableViewCell.m */ = {isa = PBXFileReference; fileEncoding = 4; lastKnownFileType = sourcecode.c.objc; path = TrunkTableViewCell.m; sourceTree = "<group>"; };
		220408E21AED58C0009DB060 /* TrunkViewController.h */ = {isa = PBXFileReference; fileEncoding = 4; lastKnownFileType = sourcecode.c.h; path = TrunkViewController.h; sourceTree = "<group>"; };
		220408E31AED58C0009DB060 /* TrunkViewController.m */ = {isa = PBXFileReference; fileEncoding = 4; lastKnownFileType = sourcecode.c.objc; path = TrunkViewController.m; sourceTree = "<group>"; };
		220408E51AEDB23F009DB060 /* TrunkCollectionViewCell.h */ = {isa = PBXFileReference; fileEncoding = 4; lastKnownFileType = sourcecode.c.h; path = TrunkCollectionViewCell.h; sourceTree = "<group>"; };
		220408E61AEDB23F009DB060 /* TrunkCollectionViewCell.m */ = {isa = PBXFileReference; fileEncoding = 4; lastKnownFileType = sourcecode.c.objc; path = TrunkCollectionViewCell.m; sourceTree = "<group>"; };
		220408EF1AF1C1EA009DB060 /* PhotoViewController.h */ = {isa = PBXFileReference; fileEncoding = 4; lastKnownFileType = sourcecode.c.h; path = PhotoViewController.h; sourceTree = "<group>"; };
		220408F01AF1C1EA009DB060 /* PhotoViewController.m */ = {isa = PBXFileReference; fileEncoding = 4; lastKnownFileType = sourcecode.c.objc; path = PhotoViewController.m; sourceTree = "<group>"; };
		220408F21AF311D6009DB060 /* Comment.h */ = {isa = PBXFileReference; fileEncoding = 4; lastKnownFileType = sourcecode.c.h; path = Comment.h; sourceTree = "<group>"; };
		220408F31AF311D6009DB060 /* Comment.m */ = {isa = PBXFileReference; fileEncoding = 4; lastKnownFileType = sourcecode.c.objc; path = Comment.m; sourceTree = "<group>"; };
		2232F9C41C6E241D00D9A2D3 /* TTNewsFeedViewController.h */ = {isa = PBXFileReference; fileEncoding = 4; lastKnownFileType = sourcecode.c.h; path = TTNewsFeedViewController.h; sourceTree = "<group>"; };
		2232F9C51C6E241D00D9A2D3 /* TTNewsFeedViewController.m */ = {isa = PBXFileReference; fileEncoding = 4; lastKnownFileType = sourcecode.c.objc; path = TTNewsFeedViewController.m; sourceTree = "<group>"; };
		2232F9C71C7239AC00D9A2D3 /* TTTimeLineCollectionViewCell.h */ = {isa = PBXFileReference; fileEncoding = 4; lastKnownFileType = sourcecode.c.h; path = TTTimeLineCollectionViewCell.h; sourceTree = "<group>"; };
		2232F9C81C7239AC00D9A2D3 /* TTTimeLineCollectionViewCell.m */ = {isa = PBXFileReference; fileEncoding = 4; lastKnownFileType = sourcecode.c.objc; path = TTTimeLineCollectionViewCell.m; sourceTree = "<group>"; };
		22343AE51BC9A42C00F0B2E5 /* TTBaseViewController.h */ = {isa = PBXFileReference; fileEncoding = 4; lastKnownFileType = sourcecode.c.h; path = TTBaseViewController.h; sourceTree = "<group>"; };
		22343AE61BC9A42C00F0B2E5 /* TTBaseViewController.m */ = {isa = PBXFileReference; fileEncoding = 4; lastKnownFileType = sourcecode.c.objc; path = TTBaseViewController.m; sourceTree = "<group>"; };
		22343AE81BC9A85F00F0B2E5 /* TTBaseTableViewController.h */ = {isa = PBXFileReference; fileEncoding = 4; lastKnownFileType = sourcecode.c.h; path = TTBaseTableViewController.h; sourceTree = "<group>"; };
		22343AE91BC9A85F00F0B2E5 /* TTBaseTableViewController.m */ = {isa = PBXFileReference; fileEncoding = 4; lastKnownFileType = sourcecode.c.objc; path = TTBaseTableViewController.m; sourceTree = "<group>"; };
		223547E71AE2BBAE001FE916 /* Accounts.framework */ = {isa = PBXFileReference; lastKnownFileType = wrapper.framework; name = Accounts.framework; path = System/Library/Frameworks/Accounts.framework; sourceTree = SDKROOT; };
		223547E91AE2BBD0001FE916 /* MapKit.framework */ = {isa = PBXFileReference; lastKnownFileType = wrapper.framework; name = MapKit.framework; path = System/Library/Frameworks/MapKit.framework; sourceTree = SDKROOT; };
		223547EB1AE2BBD8001FE916 /* CoreLocation.framework */ = {isa = PBXFileReference; lastKnownFileType = wrapper.framework; name = CoreLocation.framework; path = System/Library/Frameworks/CoreLocation.framework; sourceTree = SDKROOT; };
		223547ED1AE2BBEE001FE916 /* Social.framework */ = {isa = PBXFileReference; lastKnownFileType = wrapper.framework; name = Social.framework; path = System/Library/Frameworks/Social.framework; sourceTree = SDKROOT; };
		223547EF1AE320FF001FE916 /* AddTripViewController.h */ = {isa = PBXFileReference; fileEncoding = 4; lastKnownFileType = sourcecode.c.h; path = AddTripViewController.h; sourceTree = "<group>"; };
		223547F01AE320FF001FE916 /* AddTripViewController.m */ = {isa = PBXFileReference; fileEncoding = 4; lastKnownFileType = sourcecode.c.objc; path = AddTripViewController.m; sourceTree = "<group>"; };
		223547F21AE322C3001FE916 /* Trip.h */ = {isa = PBXFileReference; fileEncoding = 4; lastKnownFileType = sourcecode.c.h; path = Trip.h; sourceTree = "<group>"; };
		223547F31AE322C3001FE916 /* Trip.m */ = {isa = PBXFileReference; fileEncoding = 4; lastKnownFileType = sourcecode.c.objc; path = Trip.m; sourceTree = "<group>"; };
		223547F51AE333F2001FE916 /* Photo.h */ = {isa = PBXFileReference; fileEncoding = 4; lastKnownFileType = sourcecode.c.h; path = Photo.h; sourceTree = "<group>"; };
		223547F61AE333F2001FE916 /* Photo.m */ = {isa = PBXFileReference; fileEncoding = 4; lastKnownFileType = sourcecode.c.objc; path = Photo.m; sourceTree = "<group>"; };
		223547F81AE5A763001FE916 /* AddTripPhotosViewController.h */ = {isa = PBXFileReference; fileEncoding = 4; lastKnownFileType = sourcecode.c.h; path = AddTripPhotosViewController.h; sourceTree = "<group>"; };
		223547F91AE5A763001FE916 /* AddTripPhotosViewController.m */ = {isa = PBXFileReference; fileEncoding = 4; lastKnownFileType = sourcecode.c.objc; path = AddTripPhotosViewController.m; sourceTree = "<group>"; };
		22474D7B1AE5E29400C76E87 /* PhotoCollectionViewCell.h */ = {isa = PBXFileReference; fileEncoding = 4; lastKnownFileType = sourcecode.c.h; path = PhotoCollectionViewCell.h; sourceTree = "<group>"; };
		22474D7C1AE5E29400C76E87 /* PhotoCollectionViewCell.m */ = {isa = PBXFileReference; fileEncoding = 4; lastKnownFileType = sourcecode.c.objc; path = PhotoCollectionViewCell.m; sourceTree = "<group>"; };
		224F3F8C1AE1D35E003A1DEB /* TripTrunk.app */ = {isa = PBXFileReference; explicitFileType = wrapper.application; includeInIndex = 0; path = TripTrunk.app; sourceTree = BUILT_PRODUCTS_DIR; };
		224F3F901AE1D35E003A1DEB /* Info.plist */ = {isa = PBXFileReference; lastKnownFileType = text.plist.xml; path = Info.plist; sourceTree = "<group>"; };
		224F3F911AE1D35E003A1DEB /* main.m */ = {isa = PBXFileReference; lastKnownFileType = sourcecode.c.objc; path = main.m; sourceTree = "<group>"; };
		224F3F931AE1D35E003A1DEB /* AppDelegate.h */ = {isa = PBXFileReference; lastKnownFileType = sourcecode.c.h; path = AppDelegate.h; sourceTree = "<group>"; };
		224F3F941AE1D35E003A1DEB /* AppDelegate.m */ = {isa = PBXFileReference; lastKnownFileType = sourcecode.c.objc; path = AppDelegate.m; sourceTree = "<group>"; };
		224F3F961AE1D35E003A1DEB /* HomeMapViewController.h */ = {isa = PBXFileReference; lastKnownFileType = sourcecode.c.h; path = HomeMapViewController.h; sourceTree = "<group>"; };
		224F3F9A1AE1D35E003A1DEB /* Base */ = {isa = PBXFileReference; lastKnownFileType = file.storyboard; name = Base; path = Base.lproj/Main.storyboard; sourceTree = "<group>"; };
		224F3F9C1AE1D35E003A1DEB /* Images.xcassets */ = {isa = PBXFileReference; lastKnownFileType = folder.assetcatalog; path = Images.xcassets; sourceTree = "<group>"; };
		224F3F9F1AE1D35E003A1DEB /* Base */ = {isa = PBXFileReference; lastKnownFileType = file.xib; name = Base; path = Base.lproj/LaunchScreen.xib; sourceTree = "<group>"; };
		224F3FA51AE1D35E003A1DEB /* TripTrunkTests.xctest */ = {isa = PBXFileReference; explicitFileType = wrapper.cfbundle; includeInIndex = 0; path = TripTrunkTests.xctest; sourceTree = BUILT_PRODUCTS_DIR; };
		224F3FAA1AE1D35E003A1DEB /* Info.plist */ = {isa = PBXFileReference; lastKnownFileType = text.plist.xml; path = Info.plist; sourceTree = "<group>"; };
		224F3FAB1AE1D35E003A1DEB /* TripTrunkTests.m */ = {isa = PBXFileReference; lastKnownFileType = sourcecode.c.objc; path = TripTrunkTests.m; sourceTree = "<group>"; };
		224F3FB91AE1D8F6003A1DEB /* LoginViewController.h */ = {isa = PBXFileReference; fileEncoding = 4; lastKnownFileType = sourcecode.c.h; path = LoginViewController.h; sourceTree = "<group>"; };
		224F3FBA1AE1D8F6003A1DEB /* LoginViewController.m */ = {isa = PBXFileReference; fileEncoding = 4; lastKnownFileType = sourcecode.c.objc; path = LoginViewController.m; sourceTree = "<group>"; };
		224F3FE51AE1E565003A1DEB /* AudioToolbox.framework */ = {isa = PBXFileReference; lastKnownFileType = wrapper.framework; name = AudioToolbox.framework; path = System/Library/Frameworks/AudioToolbox.framework; sourceTree = SDKROOT; };
		224F3FE71AE1E56B003A1DEB /* CFNetwork.framework */ = {isa = PBXFileReference; lastKnownFileType = wrapper.framework; name = CFNetwork.framework; path = System/Library/Frameworks/CFNetwork.framework; sourceTree = SDKROOT; };
		224F3FE91AE1E572003A1DEB /* CoreGraphics.framework */ = {isa = PBXFileReference; lastKnownFileType = wrapper.framework; name = CoreGraphics.framework; path = System/Library/Frameworks/CoreGraphics.framework; sourceTree = SDKROOT; };
		224F3FEB1AE1E583003A1DEB /* MobileCoreServices.framework */ = {isa = PBXFileReference; lastKnownFileType = wrapper.framework; name = MobileCoreServices.framework; path = System/Library/Frameworks/MobileCoreServices.framework; sourceTree = SDKROOT; };
		224F3FED1AE1E589003A1DEB /* QuartzCore.framework */ = {isa = PBXFileReference; lastKnownFileType = wrapper.framework; name = QuartzCore.framework; path = System/Library/Frameworks/QuartzCore.framework; sourceTree = SDKROOT; };
		224F3FEF1AE1E590003A1DEB /* Security.framework */ = {isa = PBXFileReference; lastKnownFileType = wrapper.framework; name = Security.framework; path = System/Library/Frameworks/Security.framework; sourceTree = SDKROOT; };
		224F3FF31AE1E5A6003A1DEB /* SystemConfiguration.framework */ = {isa = PBXFileReference; lastKnownFileType = wrapper.framework; name = SystemConfiguration.framework; path = System/Library/Frameworks/SystemConfiguration.framework; sourceTree = SDKROOT; };
		224F3FF51AE1E5AE003A1DEB /* libz.dylib */ = {isa = PBXFileReference; lastKnownFileType = "compiled.mach-o.dylib"; name = libz.dylib; path = usr/lib/libz.dylib; sourceTree = SDKROOT; };
		224F3FF71AE1E5B8003A1DEB /* libsqlite3.dylib */ = {isa = PBXFileReference; lastKnownFileType = "compiled.mach-o.dylib"; name = libsqlite3.dylib; path = usr/lib/libsqlite3.dylib; sourceTree = SDKROOT; };
		224F3FF91AE1E5BE003A1DEB /* UIKit.framework */ = {isa = PBXFileReference; lastKnownFileType = wrapper.framework; name = UIKit.framework; path = System/Library/Frameworks/UIKit.framework; sourceTree = SDKROOT; };
		22560FD11BFCE459005D81E2 /* PublicTripDetail.h */ = {isa = PBXFileReference; fileEncoding = 4; lastKnownFileType = sourcecode.c.h; path = PublicTripDetail.h; sourceTree = "<group>"; };
		22560FD21BFCE459005D81E2 /* PublicTripDetail.m */ = {isa = PBXFileReference; fileEncoding = 4; lastKnownFileType = sourcecode.c.objc; path = PublicTripDetail.m; sourceTree = "<group>"; };
		2268B09D1B32485300C941C4 /* HomeMapViewController.m */ = {isa = PBXFileReference; fileEncoding = 4; lastKnownFileType = sourcecode.c.objc; path = HomeMapViewController.m; sourceTree = "<group>"; };
		226AAC0D1BB21CEF0031AF98 /* UserCellCollectionViewCell.h */ = {isa = PBXFileReference; fileEncoding = 4; lastKnownFileType = sourcecode.c.h; path = UserCellCollectionViewCell.h; sourceTree = "<group>"; };
		226AAC0E1BB21CEF0031AF98 /* UserCellCollectionViewCell.m */ = {isa = PBXFileReference; fileEncoding = 4; lastKnownFileType = sourcecode.c.objc; path = UserCellCollectionViewCell.m; sourceTree = "<group>"; };
		2289D9851B0AAE7200CEECF5 /* ParseFacebookUtilsV4.framework */ = {isa = PBXFileReference; lastKnownFileType = wrapper.framework; path = ParseFacebookUtilsV4.framework; sourceTree = "<group>"; };
		2289D9871B0AAE8100CEECF5 /* Parse.framework */ = {isa = PBXFileReference; lastKnownFileType = wrapper.framework; path = Parse.framework; sourceTree = "<group>"; };
		2289D9891B0AAE9200CEECF5 /* ParseUI.framework */ = {isa = PBXFileReference; lastKnownFileType = wrapper.framework; path = ParseUI.framework; sourceTree = "<group>"; };
		229D42841AE850C700458244 /* TripImageView.h */ = {isa = PBXFileReference; fileEncoding = 4; lastKnownFileType = sourcecode.c.h; path = TripImageView.h; sourceTree = "<group>"; };
		229D42851AE850C700458244 /* TripImageView.m */ = {isa = PBXFileReference; fileEncoding = 4; lastKnownFileType = sourcecode.c.objc; path = TripImageView.m; sourceTree = "<group>"; };
		22CBFDDD1BE2D4BB00D38E8D /* EditCaptionViewController.h */ = {isa = PBXFileReference; fileEncoding = 4; lastKnownFileType = sourcecode.c.h; path = EditCaptionViewController.h; sourceTree = "<group>"; };
		22CBFDDE1BE2D4BB00D38E8D /* EditCaptionViewController.m */ = {isa = PBXFileReference; fileEncoding = 4; lastKnownFileType = sourcecode.c.objc; path = EditCaptionViewController.m; sourceTree = "<group>"; };
		22DDB34F1BD5E21D00FBEAAC /* TTForgotPasswordViewController.h */ = {isa = PBXFileReference; fileEncoding = 4; lastKnownFileType = sourcecode.c.h; path = TTForgotPasswordViewController.h; sourceTree = "<group>"; };
		22DDB3501BD5E21D00FBEAAC /* TTForgotPasswordViewController.m */ = {isa = PBXFileReference; fileEncoding = 4; lastKnownFileType = sourcecode.c.objc; path = TTForgotPasswordViewController.m; sourceTree = "<group>"; };
		272A4AE01C73770D00700DCA /* KILabel.h */ = {isa = PBXFileReference; fileEncoding = 4; lastKnownFileType = sourcecode.c.h; path = KILabel.h; sourceTree = "<group>"; };
		272A4AE11C73770D00700DCA /* KILabel.m */ = {isa = PBXFileReference; fileEncoding = 4; lastKnownFileType = sourcecode.c.objc; path = KILabel.m; sourceTree = "<group>"; };
		272A4AE61C77CF5400700DCA /* TTSuggestionTableViewController.h */ = {isa = PBXFileReference; fileEncoding = 4; lastKnownFileType = sourcecode.c.h; path = TTSuggestionTableViewController.h; sourceTree = "<group>"; };
		272A4AE71C77CF5400700DCA /* TTSuggestionTableViewController.m */ = {isa = PBXFileReference; fileEncoding = 4; lastKnownFileType = sourcecode.c.objc; path = TTSuggestionTableViewController.m; sourceTree = "<group>"; };
		4C80831A1BDABCDD00DB1AC0 /* TutorialViewController.h */ = {isa = PBXFileReference; fileEncoding = 4; lastKnownFileType = sourcecode.c.h; path = TutorialViewController.h; sourceTree = "<group>"; };
		4C80831B1BDABCDD00DB1AC0 /* TutorialViewController.m */ = {isa = PBXFileReference; fileEncoding = 4; lastKnownFileType = sourcecode.c.objc; path = TutorialViewController.m; sourceTree = "<group>"; };
		4C80831C1BDABCDD00DB1AC0 /* TutorialViewController.xib */ = {isa = PBXFileReference; fileEncoding = 4; lastKnownFileType = file.xib; path = TutorialViewController.xib; sourceTree = "<group>"; };
		4EBC0D545C3FB96C9B7332CD /* Pods.debug.xcconfig */ = {isa = PBXFileReference; includeInIndex = 1; lastKnownFileType = text.xcconfig; name = Pods.debug.xcconfig; path = "Pods/Target Support Files/Pods/Pods.debug.xcconfig"; sourceTree = "<group>"; };
		5C13C20E9104579183AE0F9F /* Pods.release.xcconfig */ = {isa = PBXFileReference; includeInIndex = 1; lastKnownFileType = text.xcconfig; name = Pods.release.xcconfig; path = "Pods/Target Support Files/Pods/Pods.release.xcconfig"; sourceTree = "<group>"; };
		900CAF97ED54CF7422AA80B6 /* libPods.a */ = {isa = PBXFileReference; explicitFileType = archive.ar; includeInIndex = 0; path = libPods.a; sourceTree = BUILT_PRODUCTS_DIR; };
		C9021F1F1B9F827700E2EA96 /* ParseCrashReporting.framework */ = {isa = PBXFileReference; lastKnownFileType = wrapper.framework; path = ParseCrashReporting.framework; sourceTree = "<group>"; };
		C9021F211B9F82CB00E2EA96 /* libstdc++.6.dylib */ = {isa = PBXFileReference; lastKnownFileType = "compiled.mach-o.dylib"; name = "libstdc++.6.dylib"; path = "usr/lib/libstdc++.6.dylib"; sourceTree = SDKROOT; };
		C9021F231B9F876100E2EA96 /* Bolts.framework */ = {isa = PBXFileReference; lastKnownFileType = wrapper.framework; path = Bolts.framework; sourceTree = "<group>"; };
		C9026A0F1AF955FD00A617F0 /* FBSDKCoreKit.framework */ = {isa = PBXFileReference; lastKnownFileType = wrapper.framework; name = FBSDKCoreKit.framework; path = FacebookSDK/FBSDKCoreKit.framework; sourceTree = "<group>"; };
		C9026A131AF95C6100A617F0 /* FBSDKLoginKit.framework */ = {isa = PBXFileReference; lastKnownFileType = wrapper.framework; name = FBSDKLoginKit.framework; path = FacebookSDK/FBSDKLoginKit.framework; sourceTree = "<group>"; };
		C903F7121B98885500F56FE1 /* CommentListViewController.h */ = {isa = PBXFileReference; fileEncoding = 4; lastKnownFileType = sourcecode.c.h; path = CommentListViewController.h; sourceTree = "<group>"; };
		C903F7131B98885500F56FE1 /* CommentListViewController.m */ = {isa = PBXFileReference; fileEncoding = 4; lastKnownFileType = sourcecode.c.objc; path = CommentListViewController.m; sourceTree = "<group>"; };
		C90552151B3C3ABC007B5946 /* MBProgressHUD.h */ = {isa = PBXFileReference; fileEncoding = 4; lastKnownFileType = sourcecode.c.h; path = MBProgressHUD.h; sourceTree = "<group>"; };
		C90552161B3C3ABC007B5946 /* MBProgressHUD.m */ = {isa = PBXFileReference; fileEncoding = 4; lastKnownFileType = sourcecode.c.objc; path = MBProgressHUD.m; sourceTree = "<group>"; };
		C90ADEAA1BA21F1A000809D0 /* EditProfileViewController.h */ = {isa = PBXFileReference; fileEncoding = 4; lastKnownFileType = sourcecode.c.h; path = EditProfileViewController.h; sourceTree = "<group>"; };
		C90ADEAB1BA21F1A000809D0 /* EditProfileViewController.m */ = {isa = PBXFileReference; fileEncoding = 4; lastKnownFileType = sourcecode.c.objc; path = EditProfileViewController.m; sourceTree = "<group>"; };
		C90ADEAC1BA21F1A000809D0 /* EditProfileViewController.xib */ = {isa = PBXFileReference; fileEncoding = 4; lastKnownFileType = file.xib; path = EditProfileViewController.xib; sourceTree = "<group>"; };
		C90C3CEE1B04F40000CABBC9 /* FriendsListViewController.h */ = {isa = PBXFileReference; fileEncoding = 4; lastKnownFileType = sourcecode.c.h; path = FriendsListViewController.h; sourceTree = "<group>"; };
		C90C3CEF1B04F40000CABBC9 /* FriendsListViewController.m */ = {isa = PBXFileReference; fileEncoding = 4; lastKnownFileType = sourcecode.c.objc; path = FriendsListViewController.m; sourceTree = "<group>"; };
		C90C3CF01B04F40000CABBC9 /* FriendsListViewController.xib */ = {isa = PBXFileReference; fileEncoding = 4; lastKnownFileType = file.xib; path = FriendsListViewController.xib; sourceTree = "<group>"; };
		C90C3CF31B04F45500CABBC9 /* UserTableViewCell.h */ = {isa = PBXFileReference; fileEncoding = 4; lastKnownFileType = sourcecode.c.h; path = UserTableViewCell.h; sourceTree = "<group>"; };
		C90C3CF41B04F45500CABBC9 /* UserTableViewCell.m */ = {isa = PBXFileReference; fileEncoding = 4; lastKnownFileType = sourcecode.c.objc; path = UserTableViewCell.m; sourceTree = "<group>"; };
		C90C3CF51B04F45500CABBC9 /* UserTableViewCell.xib */ = {isa = PBXFileReference; fileEncoding = 4; lastKnownFileType = file.xib; path = UserTableViewCell.xib; sourceTree = "<group>"; };
		C90C3CF81B04F9C400CABBC9 /* UIImageView+AFNetworking.h */ = {isa = PBXFileReference; fileEncoding = 4; lastKnownFileType = sourcecode.c.h; name = "UIImageView+AFNetworking.h"; path = "../UIImageView+AFNetworking.h"; sourceTree = "<group>"; };
		C90C3CF91B04F9C400CABBC9 /* UIImageView+AFNetworking.m */ = {isa = PBXFileReference; fileEncoding = 4; lastKnownFileType = sourcecode.c.objc; name = "UIImageView+AFNetworking.m"; path = "../UIImageView+AFNetworking.m"; sourceTree = "<group>"; };
		C90C3CFC1B04FC2200CABBC9 /* AFHTTPRequestOperation.h */ = {isa = PBXFileReference; fileEncoding = 4; lastKnownFileType = sourcecode.c.h; path = AFHTTPRequestOperation.h; sourceTree = "<group>"; };
		C90C3CFD1B04FC2200CABBC9 /* AFHTTPRequestOperation.m */ = {isa = PBXFileReference; fileEncoding = 4; lastKnownFileType = sourcecode.c.objc; path = AFHTTPRequestOperation.m; sourceTree = "<group>"; };
		C90C3CFE1B04FC2200CABBC9 /* AFHTTPRequestOperationManager.h */ = {isa = PBXFileReference; fileEncoding = 4; lastKnownFileType = sourcecode.c.h; path = AFHTTPRequestOperationManager.h; sourceTree = "<group>"; };
		C90C3CFF1B04FC2200CABBC9 /* AFHTTPRequestOperationManager.m */ = {isa = PBXFileReference; fileEncoding = 4; lastKnownFileType = sourcecode.c.objc; path = AFHTTPRequestOperationManager.m; sourceTree = "<group>"; };
		C90C3D001B04FC2200CABBC9 /* AFHTTPSessionManager.h */ = {isa = PBXFileReference; fileEncoding = 4; lastKnownFileType = sourcecode.c.h; path = AFHTTPSessionManager.h; sourceTree = "<group>"; };
		C90C3D011B04FC2200CABBC9 /* AFHTTPSessionManager.m */ = {isa = PBXFileReference; fileEncoding = 4; lastKnownFileType = sourcecode.c.objc; path = AFHTTPSessionManager.m; sourceTree = "<group>"; };
		C90C3D021B04FC2200CABBC9 /* AFNetworking.h */ = {isa = PBXFileReference; fileEncoding = 4; lastKnownFileType = sourcecode.c.h; path = AFNetworking.h; sourceTree = "<group>"; };
		C90C3D031B04FC2200CABBC9 /* AFNetworkReachabilityManager.h */ = {isa = PBXFileReference; fileEncoding = 4; lastKnownFileType = sourcecode.c.h; path = AFNetworkReachabilityManager.h; sourceTree = "<group>"; };
		C90C3D041B04FC2200CABBC9 /* AFNetworkReachabilityManager.m */ = {isa = PBXFileReference; fileEncoding = 4; lastKnownFileType = sourcecode.c.objc; path = AFNetworkReachabilityManager.m; sourceTree = "<group>"; };
		C90C3D051B04FC2200CABBC9 /* AFSecurityPolicy.h */ = {isa = PBXFileReference; fileEncoding = 4; lastKnownFileType = sourcecode.c.h; path = AFSecurityPolicy.h; sourceTree = "<group>"; };
		C90C3D061B04FC2200CABBC9 /* AFSecurityPolicy.m */ = {isa = PBXFileReference; fileEncoding = 4; lastKnownFileType = sourcecode.c.objc; path = AFSecurityPolicy.m; sourceTree = "<group>"; };
		C90C3D071B04FC2200CABBC9 /* AFURLConnectionOperation.h */ = {isa = PBXFileReference; fileEncoding = 4; lastKnownFileType = sourcecode.c.h; path = AFURLConnectionOperation.h; sourceTree = "<group>"; };
		C90C3D081B04FC2200CABBC9 /* AFURLConnectionOperation.m */ = {isa = PBXFileReference; fileEncoding = 4; lastKnownFileType = sourcecode.c.objc; path = AFURLConnectionOperation.m; sourceTree = "<group>"; };
		C90C3D091B04FC2200CABBC9 /* AFURLRequestSerialization.h */ = {isa = PBXFileReference; fileEncoding = 4; lastKnownFileType = sourcecode.c.h; path = AFURLRequestSerialization.h; sourceTree = "<group>"; };
		C90C3D0A1B04FC2200CABBC9 /* AFURLRequestSerialization.m */ = {isa = PBXFileReference; fileEncoding = 4; lastKnownFileType = sourcecode.c.objc; path = AFURLRequestSerialization.m; sourceTree = "<group>"; };
		C90C3D0B1B04FC2200CABBC9 /* AFURLResponseSerialization.h */ = {isa = PBXFileReference; fileEncoding = 4; lastKnownFileType = sourcecode.c.h; path = AFURLResponseSerialization.h; sourceTree = "<group>"; };
		C90C3D0C1B04FC2200CABBC9 /* AFURLResponseSerialization.m */ = {isa = PBXFileReference; fileEncoding = 4; lastKnownFileType = sourcecode.c.objc; path = AFURLResponseSerialization.m; sourceTree = "<group>"; };
		C90C3D0D1B04FC2200CABBC9 /* AFURLSessionManager.h */ = {isa = PBXFileReference; fileEncoding = 4; lastKnownFileType = sourcecode.c.h; path = AFURLSessionManager.h; sourceTree = "<group>"; };
		C90C3D0E1B04FC2200CABBC9 /* AFURLSessionManager.m */ = {isa = PBXFileReference; fileEncoding = 4; lastKnownFileType = sourcecode.c.objc; path = AFURLSessionManager.m; sourceTree = "<group>"; };
		C90C3D1A1B053F4B00CABBC9 /* UserProfileViewController.h */ = {isa = PBXFileReference; fileEncoding = 4; lastKnownFileType = sourcecode.c.h; path = UserProfileViewController.h; sourceTree = "<group>"; };
		C90C3D1B1B053F4B00CABBC9 /* UserProfileViewController.m */ = {isa = PBXFileReference; fileEncoding = 4; lastKnownFileType = sourcecode.c.objc; path = UserProfileViewController.m; sourceTree = "<group>"; };
		C910B1921B66B97700788BE0 /* ActivityListViewController.h */ = {isa = PBXFileReference; fileEncoding = 4; lastKnownFileType = sourcecode.c.h; path = ActivityListViewController.h; sourceTree = "<group>"; };
		C910B1931B66B97700788BE0 /* ActivityListViewController.m */ = {isa = PBXFileReference; fileEncoding = 4; lastKnownFileType = sourcecode.c.objc; path = ActivityListViewController.m; sourceTree = "<group>"; };
		C9525A331B251FC100185713 /* libCloudinary.a */ = {isa = PBXFileReference; lastKnownFileType = archive.ar; path = libCloudinary.a; sourceTree = "<group>"; };
		C9525A371B251FD400185713 /* CLCloudinary.h */ = {isa = PBXFileReference; fileEncoding = 4; lastKnownFileType = sourcecode.c.h; path = CLCloudinary.h; sourceTree = "<group>"; };
		C9525A381B251FD400185713 /* CLEagerTransformation.h */ = {isa = PBXFileReference; fileEncoding = 4; lastKnownFileType = sourcecode.c.h; path = CLEagerTransformation.h; sourceTree = "<group>"; };
		C9525A391B251FD400185713 /* Cloudinary.h */ = {isa = PBXFileReference; fileEncoding = 4; lastKnownFileType = sourcecode.c.h; path = Cloudinary.h; sourceTree = "<group>"; };
		C9525A3A1B251FD400185713 /* CLTransformation.h */ = {isa = PBXFileReference; fileEncoding = 4; lastKnownFileType = sourcecode.c.h; path = CLTransformation.h; sourceTree = "<group>"; };
		C9525A3B1B251FD400185713 /* CLUploader.h */ = {isa = PBXFileReference; fileEncoding = 4; lastKnownFileType = sourcecode.c.h; path = CLUploader.h; sourceTree = "<group>"; };
		C9525A3C1B25218800185713 /* TTUtility.h */ = {isa = PBXFileReference; fileEncoding = 4; lastKnownFileType = sourcecode.c.h; path = TTUtility.h; sourceTree = "<group>"; };
		C9525A3D1B25218800185713 /* TTUtility.m */ = {isa = PBXFileReference; fileEncoding = 4; lastKnownFileType = sourcecode.c.objc; path = TTUtility.m; sourceTree = "<group>"; };
		C95493871B7CD2FA00BD8CB6 /* UIScrollView+EmptyDataSet.h */ = {isa = PBXFileReference; fileEncoding = 4; lastKnownFileType = sourcecode.c.h; path = "UIScrollView+EmptyDataSet.h"; sourceTree = "<group>"; };
		C95493881B7CD2FA00BD8CB6 /* UIScrollView+EmptyDataSet.m */ = {isa = PBXFileReference; fileEncoding = 4; lastKnownFileType = sourcecode.c.objc; path = "UIScrollView+EmptyDataSet.m"; sourceTree = "<group>"; };
		C95FD13D1B2A66A7001755FF /* TPKeyboardAvoidingScrollView.h */ = {isa = PBXFileReference; fileEncoding = 4; lastKnownFileType = sourcecode.c.h; path = TPKeyboardAvoidingScrollView.h; sourceTree = "<group>"; };
		C95FD13E1B2A66A7001755FF /* TPKeyboardAvoidingScrollView.m */ = {isa = PBXFileReference; fileEncoding = 4; lastKnownFileType = sourcecode.c.objc; path = TPKeyboardAvoidingScrollView.m; sourceTree = "<group>"; };
		C95FD13F1B2A66A7001755FF /* UIScrollView+TPKeyboardAvoidingAdditions.h */ = {isa = PBXFileReference; fileEncoding = 4; lastKnownFileType = sourcecode.c.h; path = "UIScrollView+TPKeyboardAvoidingAdditions.h"; sourceTree = "<group>"; };
		C95FD1401B2A66A7001755FF /* UIScrollView+TPKeyboardAvoidingAdditions.m */ = {isa = PBXFileReference; fileEncoding = 4; lastKnownFileType = sourcecode.c.objc; path = "UIScrollView+TPKeyboardAvoidingAdditions.m"; sourceTree = "<group>"; };
		C977065A1B9754B000FB11B2 /* ActivityTableViewCell.h */ = {isa = PBXFileReference; fileEncoding = 4; lastKnownFileType = sourcecode.c.h; path = ActivityTableViewCell.h; sourceTree = "<group>"; };
		C977065B1B9754B000FB11B2 /* ActivityTableViewCell.m */ = {isa = PBXFileReference; fileEncoding = 4; lastKnownFileType = sourcecode.c.objc; path = ActivityTableViewCell.m; sourceTree = "<group>"; };
		C977065C1B9754B000FB11B2 /* ActivityTableViewCell.xib */ = {isa = PBXFileReference; fileEncoding = 4; lastKnownFileType = file.xib; path = ActivityTableViewCell.xib; sourceTree = "<group>"; };
		C977065F1B975EC300FB11B2 /* TTTAttributedLabel.h */ = {isa = PBXFileReference; fileEncoding = 4; lastKnownFileType = sourcecode.c.h; path = TTTAttributedLabel.h; sourceTree = "<group>"; };
		C97706601B975EC300FB11B2 /* TTTAttributedLabel.m */ = {isa = PBXFileReference; fileEncoding = 4; lastKnownFileType = sourcecode.c.objc; path = TTTAttributedLabel.m; sourceTree = "<group>"; };
		C97706621B97C7C000FB11B2 /* TTTTimeIntervalFormatter.h */ = {isa = PBXFileReference; fileEncoding = 4; lastKnownFileType = sourcecode.c.h; path = TTTTimeIntervalFormatter.h; sourceTree = "<group>"; };
		C97706631B97C7C000FB11B2 /* TTTTimeIntervalFormatter.m */ = {isa = PBXFileReference; fileEncoding = 4; lastKnownFileType = sourcecode.c.objc; path = TTTTimeIntervalFormatter.m; sourceTree = "<group>"; };
		C98FF3841B9F3B110041480E /* CitySearchViewController.h */ = {isa = PBXFileReference; fileEncoding = 4; lastKnownFileType = sourcecode.c.h; path = CitySearchViewController.h; sourceTree = "<group>"; };
		C98FF3851B9F3B110041480E /* CitySearchViewController.m */ = {isa = PBXFileReference; fileEncoding = 4; lastKnownFileType = sourcecode.c.objc; path = CitySearchViewController.m; sourceTree = "<group>"; };
		C9996DD31B45CB2C00326A51 /* ParseErrorHandlingController.h */ = {isa = PBXFileReference; fileEncoding = 4; lastKnownFileType = sourcecode.c.h; path = ParseErrorHandlingController.h; sourceTree = "<group>"; };
		C9996DD41B45CB2C00326A51 /* ParseErrorHandlingController.m */ = {isa = PBXFileReference; fileEncoding = 4; lastKnownFileType = sourcecode.c.objc; path = ParseErrorHandlingController.m; sourceTree = "<group>"; };
		C9ABA4D91B4EAC4D006F0625 /* Photos.framework */ = {isa = PBXFileReference; lastKnownFileType = wrapper.framework; name = Photos.framework; path = System/Library/Frameworks/Photos.framework; sourceTree = SDKROOT; };
		C9C7299E1B0248D900BA68D2 /* SocialUtility.h */ = {isa = PBXFileReference; fileEncoding = 4; lastKnownFileType = sourcecode.c.h; path = SocialUtility.h; sourceTree = "<group>"; };
		C9C7299F1B0248D900BA68D2 /* SocialUtility.m */ = {isa = PBXFileReference; fileEncoding = 4; lastKnownFileType = sourcecode.c.objc; path = SocialUtility.m; sourceTree = "<group>"; };
		C9CA64591BE523A500A25EBC /* PhotosUI.framework */ = {isa = PBXFileReference; lastKnownFileType = wrapper.framework; name = PhotosUI.framework; path = System/Library/Frameworks/PhotosUI.framework; sourceTree = SDKROOT; };
		C9CAE0B61BA0788A00E92A7E /* UserProfileViewController.xib */ = {isa = PBXFileReference; fileEncoding = 4; lastKnownFileType = file.xib; path = UserProfileViewController.xib; sourceTree = "<group>"; };
		C9CD1CA41AFC079600D967A5 /* UsernameViewController.h */ = {isa = PBXFileReference; fileEncoding = 4; lastKnownFileType = sourcecode.c.h; path = UsernameViewController.h; sourceTree = "<group>"; };
		C9CD1CA51AFC079600D967A5 /* UsernameViewController.m */ = {isa = PBXFileReference; fileEncoding = 4; lastKnownFileType = sourcecode.c.objc; path = UsernameViewController.m; sourceTree = "<group>"; };
		C9CD1CA71AFC1E0300D967A5 /* FindFriendsViewController.h */ = {isa = PBXFileReference; fileEncoding = 4; lastKnownFileType = sourcecode.c.h; path = FindFriendsViewController.h; sourceTree = "<group>"; };
		C9CD1CA81AFC1E0300D967A5 /* FindFriendsViewController.m */ = {isa = PBXFileReference; fileEncoding = 4; lastKnownFileType = sourcecode.c.objc; path = FindFriendsViewController.m; sourceTree = "<group>"; };
		C9CD1CAA1AFC27FA00D967A5 /* FriendTableViewCell.h */ = {isa = PBXFileReference; fileEncoding = 4; lastKnownFileType = sourcecode.c.h; path = FriendTableViewCell.h; sourceTree = "<group>"; };
		C9CD1CAB1AFC27FA00D967A5 /* FriendTableViewCell.m */ = {isa = PBXFileReference; fileEncoding = 4; lastKnownFileType = sourcecode.c.objc; path = FriendTableViewCell.m; sourceTree = "<group>"; };
		C9D893351BB596FB00259AB4 /* NSObject+Properties.h */ = {isa = PBXFileReference; fileEncoding = 4; lastKnownFileType = sourcecode.c.h; path = "NSObject+Properties.h"; sourceTree = "<group>"; };
		C9D893361BB596FB00259AB4 /* NSObject+Properties.m */ = {isa = PBXFileReference; fileEncoding = 4; lastKnownFileType = sourcecode.c.objc; path = "NSObject+Properties.m"; sourceTree = "<group>"; };
		C9D893371BB596FB00259AB4 /* PFObject+NSCoding.h */ = {isa = PBXFileReference; fileEncoding = 4; lastKnownFileType = sourcecode.c.h; path = "PFObject+NSCoding.h"; sourceTree = "<group>"; };
		C9D893381BB596FB00259AB4 /* PFObject+NSCoding.m */ = {isa = PBXFileReference; fileEncoding = 4; lastKnownFileType = sourcecode.c.objc; path = "PFObject+NSCoding.m"; sourceTree = "<group>"; };
		C9EC0F601B2A68F8004FFDC3 /* MSTextField.h */ = {isa = PBXFileReference; fileEncoding = 4; lastKnownFileType = sourcecode.c.h; path = MSTextField.h; sourceTree = "<group>"; };
		C9EC0F611B2A68F8004FFDC3 /* MSTextField.m */ = {isa = PBXFileReference; fileEncoding = 4; lastKnownFileType = sourcecode.c.objc; path = MSTextField.m; sourceTree = "<group>"; };
		C9F0D6691B73D15900957F59 /* TTCache.h */ = {isa = PBXFileReference; fileEncoding = 4; lastKnownFileType = sourcecode.c.h; path = TTCache.h; sourceTree = "<group>"; };
		C9F0D66A1B73D15900957F59 /* TTCache.m */ = {isa = PBXFileReference; fileEncoding = 4; lastKnownFileType = sourcecode.c.objc; path = TTCache.m; sourceTree = "<group>"; };
		C9F4C44D1B46EA6D00EFF6B3 /* photo134.png */ = {isa = PBXFileReference; lastKnownFileType = image.png; name = photo134.png; path = Images.xcassets/photo134.imageset/photo134.png; sourceTree = "<group>"; };
		C9F6B4F61B5575E8003BD4D5 /* UIColor+HexColors.h */ = {isa = PBXFileReference; fileEncoding = 4; lastKnownFileType = sourcecode.c.h; path = "UIColor+HexColors.h"; sourceTree = "<group>"; };
		C9F6B4F71B5575E8003BD4D5 /* UIColor+HexColors.m */ = {isa = PBXFileReference; fileEncoding = 4; lastKnownFileType = sourcecode.c.objc; path = "UIColor+HexColors.m"; sourceTree = "<group>"; };
		C9F9177A1B4ECFDC00AE8953 /* MSFloatingProgressView.h */ = {isa = PBXFileReference; fileEncoding = 4; lastKnownFileType = sourcecode.c.h; path = MSFloatingProgressView.h; sourceTree = "<group>"; };
		C9F9177B1B4ECFDC00AE8953 /* MSFloatingProgressView.m */ = {isa = PBXFileReference; fileEncoding = 4; lastKnownFileType = sourcecode.c.objc; path = MSFloatingProgressView.m; sourceTree = "<group>"; };
		C9FAB79E1B18D7C200282EA3 /* AddTripFriendsViewController.h */ = {isa = PBXFileReference; fileEncoding = 4; lastKnownFileType = sourcecode.c.h; path = AddTripFriendsViewController.h; sourceTree = "<group>"; };
		C9FAB79F1B18D7C200282EA3 /* AddTripFriendsViewController.m */ = {isa = PBXFileReference; fileEncoding = 4; lastKnownFileType = sourcecode.c.objc; path = AddTripFriendsViewController.m; sourceTree = "<group>"; };
		C9FAB7AB1B1B9FC600282EA3 /* TrunkMembersViewController.h */ = {isa = PBXFileReference; fileEncoding = 4; lastKnownFileType = sourcecode.c.h; path = TrunkMembersViewController.h; sourceTree = "<group>"; };
		C9FAB7AC1B1B9FC600282EA3 /* TrunkMembersViewController.m */ = {isa = PBXFileReference; fileEncoding = 4; lastKnownFileType = sourcecode.c.objc; path = TrunkMembersViewController.m; sourceTree = "<group>"; };
		C9FB80881B827CA4008B8A67 /* CommentTableViewCell.h */ = {isa = PBXFileReference; fileEncoding = 4; lastKnownFileType = sourcecode.c.h; path = CommentTableViewCell.h; sourceTree = "<group>"; };
		C9FB80891B827CA4008B8A67 /* CommentTableViewCell.m */ = {isa = PBXFileReference; fileEncoding = 4; lastKnownFileType = sourcecode.c.objc; path = CommentTableViewCell.m; sourceTree = "<group>"; };
		C9FB808A1B827CA4008B8A67 /* CommentTableViewCell.xib */ = {isa = PBXFileReference; fileEncoding = 4; lastKnownFileType = file.xib; path = CommentTableViewCell.xib; sourceTree = "<group>"; };
		C9FB808D1B83C7E9008B8A67 /* TTCommentInputView.h */ = {isa = PBXFileReference; fileEncoding = 4; lastKnownFileType = sourcecode.c.h; path = TTCommentInputView.h; sourceTree = "<group>"; };
		C9FB808E1B83C7E9008B8A67 /* TTCommentInputView.m */ = {isa = PBXFileReference; fileEncoding = 4; lastKnownFileType = sourcecode.c.objc; path = TTCommentInputView.m; sourceTree = "<group>"; };
		C9FC5A1F1BC49CE200EB5158 /* EULAViewController.h */ = {isa = PBXFileReference; fileEncoding = 4; lastKnownFileType = sourcecode.c.h; path = EULAViewController.h; sourceTree = "<group>"; };
		C9FC5A201BC49CE200EB5158 /* EULAViewController.m */ = {isa = PBXFileReference; fileEncoding = 4; lastKnownFileType = sourcecode.c.objc; path = EULAViewController.m; sourceTree = "<group>"; };
		C9FC5A211BC49CE200EB5158 /* EULAViewController.xib */ = {isa = PBXFileReference; fileEncoding = 4; lastKnownFileType = file.xib; path = EULAViewController.xib; sourceTree = "<group>"; };
/* End PBXFileReference section */

/* Begin PBXFrameworksBuildPhase section */
		224F3F891AE1D35E003A1DEB /* Frameworks */ = {
			isa = PBXFrameworksBuildPhase;
			buildActionMask = 2147483647;
			files = (
				C9CA645A1BE523A500A25EBC /* PhotosUI.framework in Frameworks */,
				C9ABA4DA1B4EAC4D006F0625 /* Photos.framework in Frameworks */,
				C9021F251B9F885900E2EA96 /* Bolts.framework in Frameworks */,
				223547EE1AE2BBEE001FE916 /* Social.framework in Frameworks */,
				C9021F221B9F82CB00E2EA96 /* libstdc++.6.dylib in Frameworks */,
				223547EC1AE2BBD8001FE916 /* CoreLocation.framework in Frameworks */,
				2289D9861B0AAE7200CEECF5 /* ParseFacebookUtilsV4.framework in Frameworks */,
				223547EA1AE2BBD0001FE916 /* MapKit.framework in Frameworks */,
				223547E81AE2BBAE001FE916 /* Accounts.framework in Frameworks */,
				224F3FFA1AE1E5BE003A1DEB /* UIKit.framework in Frameworks */,
				224F3FF81AE1E5B8003A1DEB /* libsqlite3.dylib in Frameworks */,
				C9026A101AF955FD00A617F0 /* FBSDKCoreKit.framework in Frameworks */,
				2289D98A1B0AAE9200CEECF5 /* ParseUI.framework in Frameworks */,
				224F3FF61AE1E5AE003A1DEB /* libz.dylib in Frameworks */,
				224F3FF41AE1E5A6003A1DEB /* SystemConfiguration.framework in Frameworks */,
				C9026A141AF95C6100A617F0 /* FBSDKLoginKit.framework in Frameworks */,
				224F3FF01AE1E590003A1DEB /* Security.framework in Frameworks */,
				2289D9881B0AAE8100CEECF5 /* Parse.framework in Frameworks */,
				224F3FEE1AE1E589003A1DEB /* QuartzCore.framework in Frameworks */,
				224F3FEC1AE1E583003A1DEB /* MobileCoreServices.framework in Frameworks */,
				224F3FEA1AE1E572003A1DEB /* CoreGraphics.framework in Frameworks */,
				C9525A341B251FC100185713 /* libCloudinary.a in Frameworks */,
				224F3FE81AE1E56B003A1DEB /* CFNetwork.framework in Frameworks */,
				224F3FE61AE1E565003A1DEB /* AudioToolbox.framework in Frameworks */,
				C9021F201B9F827700E2EA96 /* ParseCrashReporting.framework in Frameworks */,
				66ABD90AD9444AC11462D4FC /* libPods.a in Frameworks */,
			);
			runOnlyForDeploymentPostprocessing = 0;
		};
		224F3FA21AE1D35E003A1DEB /* Frameworks */ = {
			isa = PBXFrameworksBuildPhase;
			buildActionMask = 2147483647;
			files = (
				C9021F241B9F876100E2EA96 /* Bolts.framework in Frameworks */,
				C9525A401B25297300185713 /* Parse.framework in Frameworks */,
				C9525A351B251FC100185713 /* libCloudinary.a in Frameworks */,
			);
			runOnlyForDeploymentPostprocessing = 0;
		};
/* End PBXFrameworksBuildPhase section */

/* Begin PBXGroup section */
		220408DD1AED559A009DB060 /* Presentation */ = {
			isa = PBXGroup;
			children = (
				220408DE1AED55C1009DB060 /* ViewControllers */,
				220408DF1AED55E7009DB060 /* ViewCells */,
				220408E01AED560B009DB060 /* ImageView */,
			);
			name = Presentation;
			sourceTree = "<group>";
		};
		220408DE1AED55C1009DB060 /* ViewControllers */ = {
			isa = PBXGroup;
			children = (
				22343AE51BC9A42C00F0B2E5 /* TTBaseViewController.h */,
				22343AE61BC9A42C00F0B2E5 /* TTBaseViewController.m */,
				22343AE81BC9A85F00F0B2E5 /* TTBaseTableViewController.h */,
				22343AE91BC9A85F00F0B2E5 /* TTBaseTableViewController.m */,
				224F3FB91AE1D8F6003A1DEB /* LoginViewController.h */,
				224F3FBA1AE1D8F6003A1DEB /* LoginViewController.m */,
				22DDB34F1BD5E21D00FBEAAC /* TTForgotPasswordViewController.h */,
				22DDB3501BD5E21D00FBEAAC /* TTForgotPasswordViewController.m */,
				C9CD1CA41AFC079600D967A5 /* UsernameViewController.h */,
				C9CD1CA51AFC079600D967A5 /* UsernameViewController.m */,
				224F3F961AE1D35E003A1DEB /* HomeMapViewController.h */,
				2268B09D1B32485300C941C4 /* HomeMapViewController.m */,
				2232F9C41C6E241D00D9A2D3 /* TTNewsFeedViewController.h */,
				2232F9C51C6E241D00D9A2D3 /* TTNewsFeedViewController.m */,
				223547EF1AE320FF001FE916 /* AddTripViewController.h */,
				223547F01AE320FF001FE916 /* AddTripViewController.m */,
				223547F81AE5A763001FE916 /* AddTripPhotosViewController.h */,
				223547F91AE5A763001FE916 /* AddTripPhotosViewController.m */,
				C9FAB79E1B18D7C200282EA3 /* AddTripFriendsViewController.h */,
				C9FAB79F1B18D7C200282EA3 /* AddTripFriendsViewController.m */,
				220408D71AEC5475009DB060 /* TrunkListViewController.h */,
				220408D81AEC5475009DB060 /* TrunkListViewController.m */,
				220408E21AED58C0009DB060 /* TrunkViewController.h */,
				220408E31AED58C0009DB060 /* TrunkViewController.m */,
				C9FAB7AB1B1B9FC600282EA3 /* TrunkMembersViewController.h */,
				C9FAB7AC1B1B9FC600282EA3 /* TrunkMembersViewController.m */,
				220408EF1AF1C1EA009DB060 /* PhotoViewController.h */,
				220408F01AF1C1EA009DB060 /* PhotoViewController.m */,
				22CBFDDD1BE2D4BB00D38E8D /* EditCaptionViewController.h */,
				22CBFDDE1BE2D4BB00D38E8D /* EditCaptionViewController.m */,
				C910B1921B66B97700788BE0 /* ActivityListViewController.h */,
				C910B1931B66B97700788BE0 /* ActivityListViewController.m */,
				C903F7121B98885500F56FE1 /* CommentListViewController.h */,
				C903F7131B98885500F56FE1 /* CommentListViewController.m */,
				272A4AE61C77CF5400700DCA /* TTSuggestionTableViewController.h */,
				272A4AE71C77CF5400700DCA /* TTSuggestionTableViewController.m */,
				C9FB808D1B83C7E9008B8A67 /* TTCommentInputView.h */,
				C9FB808E1B83C7E9008B8A67 /* TTCommentInputView.m */,
				C90C3D1A1B053F4B00CABBC9 /* UserProfileViewController.h */,
				C90C3D1B1B053F4B00CABBC9 /* UserProfileViewController.m */,
				C9CAE0B61BA0788A00E92A7E /* UserProfileViewController.xib */,
				C90ADEAA1BA21F1A000809D0 /* EditProfileViewController.h */,
				C90ADEAB1BA21F1A000809D0 /* EditProfileViewController.m */,
				C90ADEAC1BA21F1A000809D0 /* EditProfileViewController.xib */,
				C9CD1CA71AFC1E0300D967A5 /* FindFriendsViewController.h */,
				C9CD1CA81AFC1E0300D967A5 /* FindFriendsViewController.m */,
				C90C3CEE1B04F40000CABBC9 /* FriendsListViewController.h */,
				C90C3CEF1B04F40000CABBC9 /* FriendsListViewController.m */,
				C90C3CF01B04F40000CABBC9 /* FriendsListViewController.xib */,
				C9F9177A1B4ECFDC00AE8953 /* MSFloatingProgressView.h */,
				C9F9177B1B4ECFDC00AE8953 /* MSFloatingProgressView.m */,
				C98FF3841B9F3B110041480E /* CitySearchViewController.h */,
				C98FF3851B9F3B110041480E /* CitySearchViewController.m */,
				226AAC0D1BB21CEF0031AF98 /* UserCellCollectionViewCell.h */,
				226AAC0E1BB21CEF0031AF98 /* UserCellCollectionViewCell.m */,
				C9FC5A1F1BC49CE200EB5158 /* EULAViewController.h */,
				C9FC5A201BC49CE200EB5158 /* EULAViewController.m */,
				C9FC5A211BC49CE200EB5158 /* EULAViewController.xib */,
				4C80831A1BDABCDD00DB1AC0 /* TutorialViewController.h */,
				4C80831B1BDABCDD00DB1AC0 /* TutorialViewController.m */,
				4C80831C1BDABCDD00DB1AC0 /* TutorialViewController.xib */,
			);
			name = ViewControllers;
			sourceTree = "<group>";
		};
		220408DF1AED55E7009DB060 /* ViewCells */ = {
			isa = PBXGroup;
			children = (
				2232F9C71C7239AC00D9A2D3 /* TTTimeLineCollectionViewCell.h */,
				2232F9C81C7239AC00D9A2D3 /* TTTimeLineCollectionViewCell.m */,
				22474D7B1AE5E29400C76E87 /* PhotoCollectionViewCell.h */,
				22474D7C1AE5E29400C76E87 /* PhotoCollectionViewCell.m */,
				220408DA1AED52C3009DB060 /* TrunkTableViewCell.h */,
				220408DB1AED52C3009DB060 /* TrunkTableViewCell.m */,
				220408E51AEDB23F009DB060 /* TrunkCollectionViewCell.h */,
				220408E61AEDB23F009DB060 /* TrunkCollectionViewCell.m */,
				C9CD1CAA1AFC27FA00D967A5 /* FriendTableViewCell.h */,
				C9CD1CAB1AFC27FA00D967A5 /* FriendTableViewCell.m */,
				C90C3CF31B04F45500CABBC9 /* UserTableViewCell.h */,
				C90C3CF41B04F45500CABBC9 /* UserTableViewCell.m */,
				C90C3CF51B04F45500CABBC9 /* UserTableViewCell.xib */,
				C9FB80881B827CA4008B8A67 /* CommentTableViewCell.h */,
				C9FB80891B827CA4008B8A67 /* CommentTableViewCell.m */,
				C9FB808A1B827CA4008B8A67 /* CommentTableViewCell.xib */,
				C977065A1B9754B000FB11B2 /* ActivityTableViewCell.h */,
				C977065B1B9754B000FB11B2 /* ActivityTableViewCell.m */,
				C977065C1B9754B000FB11B2 /* ActivityTableViewCell.xib */,
			);
			name = ViewCells;
			sourceTree = "<group>";
		};
		220408E01AED560B009DB060 /* ImageView */ = {
			isa = PBXGroup;
			children = (
				229D42841AE850C700458244 /* TripImageView.h */,
				229D42851AE850C700458244 /* TripImageView.m */,
			);
			name = ImageView;
			sourceTree = "<group>";
		};
		220408E11AED564A009DB060 /* Model */ = {
			isa = PBXGroup;
			children = (
				22560FD11BFCE459005D81E2 /* PublicTripDetail.h */,
				22560FD21BFCE459005D81E2 /* PublicTripDetail.m */,
				223547F21AE322C3001FE916 /* Trip.h */,
				223547F31AE322C3001FE916 /* Trip.m */,
				223547F51AE333F2001FE916 /* Photo.h */,
				223547F61AE333F2001FE916 /* Photo.m */,
				220408F21AF311D6009DB060 /* Comment.h */,
				220408F31AF311D6009DB060 /* Comment.m */,
			);
			name = Model;
			sourceTree = "<group>";
		};
		224F3F831AE1D35E003A1DEB = {
			isa = PBXGroup;
			children = (
				224F3F8E1AE1D35E003A1DEB /* TripTrunk */,
				224F3FA81AE1D35E003A1DEB /* TripTrunkTests */,
				224F3F8D1AE1D35E003A1DEB /* Products */,
				57C414E8DF4940DFACCCEA17 /* Pods */,
				6CF2D92033AF265024ABD54A /* Frameworks */,
			);
			sourceTree = "<group>";
		};
		224F3F8D1AE1D35E003A1DEB /* Products */ = {
			isa = PBXGroup;
			children = (
				224F3F8C1AE1D35E003A1DEB /* TripTrunk.app */,
				224F3FA51AE1D35E003A1DEB /* TripTrunkTests.xctest */,
			);
			name = Products;
			sourceTree = "<group>";
		};
		224F3F8E1AE1D35E003A1DEB /* TripTrunk */ = {
			isa = PBXGroup;
			children = (
				224F3F991AE1D35E003A1DEB /* Main.storyboard */,
				224F3F931AE1D35E003A1DEB /* AppDelegate.h */,
				224F3F941AE1D35E003A1DEB /* AppDelegate.m */,
				C9C7299E1B0248D900BA68D2 /* SocialUtility.h */,
				C9C7299F1B0248D900BA68D2 /* SocialUtility.m */,
				C9525A3C1B25218800185713 /* TTUtility.h */,
				C9525A3D1B25218800185713 /* TTUtility.m */,
				C9F0D6691B73D15900957F59 /* TTCache.h */,
				C9F0D66A1B73D15900957F59 /* TTCache.m */,
				C9996DD31B45CB2C00326A51 /* ParseErrorHandlingController.h */,
				C9996DD41B45CB2C00326A51 /* ParseErrorHandlingController.m */,
				220408DD1AED559A009DB060 /* Presentation */,
				220408E11AED564A009DB060 /* Model */,
				224F3F9C1AE1D35E003A1DEB /* Images.xcassets */,
				224F3F9E1AE1D35E003A1DEB /* LaunchScreen.xib */,
				C95FD1431B2A66AD001755FF /* Third Party */,
				224F3FDA1AE1DB64003A1DEB /* Frameworks */,
				224F3F8F1AE1D35E003A1DEB /* Supporting Files */,
			);
			path = TripTrunk;
			sourceTree = "<group>";
		};
		224F3F8F1AE1D35E003A1DEB /* Supporting Files */ = {
			isa = PBXGroup;
			children = (
				C9F4C44D1B46EA6D00EFF6B3 /* photo134.png */,
				224F3F901AE1D35E003A1DEB /* Info.plist */,
				224F3F911AE1D35E003A1DEB /* main.m */,
			);
			name = "Supporting Files";
			sourceTree = "<group>";
		};
		224F3FA81AE1D35E003A1DEB /* TripTrunkTests */ = {
			isa = PBXGroup;
			children = (
				224F3FAB1AE1D35E003A1DEB /* TripTrunkTests.m */,
				224F3FA91AE1D35E003A1DEB /* Supporting Files */,
			);
			path = TripTrunkTests;
			sourceTree = "<group>";
		};
		224F3FA91AE1D35E003A1DEB /* Supporting Files */ = {
			isa = PBXGroup;
			children = (
				224F3FAA1AE1D35E003A1DEB /* Info.plist */,
			);
			name = "Supporting Files";
			sourceTree = "<group>";
		};
		224F3FDA1AE1DB64003A1DEB /* Frameworks */ = {
			isa = PBXGroup;
			children = (
				C9021F231B9F876100E2EA96 /* Bolts.framework */,
				223547E71AE2BBAE001FE916 /* Accounts.framework */,
				224F3FE51AE1E565003A1DEB /* AudioToolbox.framework */,
				224F3FE71AE1E56B003A1DEB /* CFNetwork.framework */,
				224F3FE91AE1E572003A1DEB /* CoreGraphics.framework */,
				223547EB1AE2BBD8001FE916 /* CoreLocation.framework */,
				C9026A0F1AF955FD00A617F0 /* FBSDKCoreKit.framework */,
				C9026A131AF95C6100A617F0 /* FBSDKLoginKit.framework */,
				C9525A331B251FC100185713 /* libCloudinary.a */,
				224F3FF71AE1E5B8003A1DEB /* libsqlite3.dylib */,
				C9021F211B9F82CB00E2EA96 /* libstdc++.6.dylib */,
				224F3FF51AE1E5AE003A1DEB /* libz.dylib */,
				223547E91AE2BBD0001FE916 /* MapKit.framework */,
				224F3FEB1AE1E583003A1DEB /* MobileCoreServices.framework */,
				2289D9871B0AAE8100CEECF5 /* Parse.framework */,
				C9021F1F1B9F827700E2EA96 /* ParseCrashReporting.framework */,
				2289D9851B0AAE7200CEECF5 /* ParseFacebookUtilsV4.framework */,
				2289D9891B0AAE9200CEECF5 /* ParseUI.framework */,
				C9ABA4D91B4EAC4D006F0625 /* Photos.framework */,
				224F3FED1AE1E589003A1DEB /* QuartzCore.framework */,
				224F3FEF1AE1E590003A1DEB /* Security.framework */,
				223547ED1AE2BBEE001FE916 /* Social.framework */,
				224F3FF31AE1E5A6003A1DEB /* SystemConfiguration.framework */,
				224F3FF91AE1E5BE003A1DEB /* UIKit.framework */,
			);
			name = Frameworks;
			path = ..;
			sourceTree = "<group>";
		};
		57C414E8DF4940DFACCCEA17 /* Pods */ = {
			isa = PBXGroup;
			children = (
				4EBC0D545C3FB96C9B7332CD /* Pods.debug.xcconfig */,
				5C13C20E9104579183AE0F9F /* Pods.release.xcconfig */,
			);
			name = Pods;
			sourceTree = "<group>";
		};
		6CF2D92033AF265024ABD54A /* Frameworks */ = {
			isa = PBXGroup;
			children = (
				C9CA64591BE523A500A25EBC /* PhotosUI.framework */,
				900CAF97ED54CF7422AA80B6 /* libPods.a */,
			);
			name = Frameworks;
			sourceTree = "<group>";
		};
		C90C3CFB1B04FC2200CABBC9 /* AFNetworking */ = {
			isa = PBXGroup;
			children = (
				C9F6B4F61B5575E8003BD4D5 /* UIColor+HexColors.h */,
				C9F6B4F71B5575E8003BD4D5 /* UIColor+HexColors.m */,
				C90C3CF81B04F9C400CABBC9 /* UIImageView+AFNetworking.h */,
				C90C3CF91B04F9C400CABBC9 /* UIImageView+AFNetworking.m */,
				C90C3CFC1B04FC2200CABBC9 /* AFHTTPRequestOperation.h */,
				C90C3CFD1B04FC2200CABBC9 /* AFHTTPRequestOperation.m */,
				C90C3CFE1B04FC2200CABBC9 /* AFHTTPRequestOperationManager.h */,
				C90C3CFF1B04FC2200CABBC9 /* AFHTTPRequestOperationManager.m */,
				C90C3D001B04FC2200CABBC9 /* AFHTTPSessionManager.h */,
				C90C3D011B04FC2200CABBC9 /* AFHTTPSessionManager.m */,
				C90C3D021B04FC2200CABBC9 /* AFNetworking.h */,
				C90C3D031B04FC2200CABBC9 /* AFNetworkReachabilityManager.h */,
				C90C3D041B04FC2200CABBC9 /* AFNetworkReachabilityManager.m */,
				C90C3D051B04FC2200CABBC9 /* AFSecurityPolicy.h */,
				C90C3D061B04FC2200CABBC9 /* AFSecurityPolicy.m */,
				C90C3D071B04FC2200CABBC9 /* AFURLConnectionOperation.h */,
				C90C3D081B04FC2200CABBC9 /* AFURLConnectionOperation.m */,
				C90C3D091B04FC2200CABBC9 /* AFURLRequestSerialization.h */,
				C90C3D0A1B04FC2200CABBC9 /* AFURLRequestSerialization.m */,
				C90C3D0B1B04FC2200CABBC9 /* AFURLResponseSerialization.h */,
				C90C3D0C1B04FC2200CABBC9 /* AFURLResponseSerialization.m */,
				C90C3D0D1B04FC2200CABBC9 /* AFURLSessionManager.h */,
				C90C3D0E1B04FC2200CABBC9 /* AFURLSessionManager.m */,
			);
			path = AFNetworking;
			sourceTree = "<group>";
		};
		C9525A361B251FD400185713 /* Cloudinary */ = {
			isa = PBXGroup;
			children = (
				C9525A371B251FD400185713 /* CLCloudinary.h */,
				C9525A381B251FD400185713 /* CLEagerTransformation.h */,
				C9525A391B251FD400185713 /* Cloudinary.h */,
				C9525A3A1B251FD400185713 /* CLTransformation.h */,
				C9525A3B1B251FD400185713 /* CLUploader.h */,
			);
			path = Cloudinary;
			sourceTree = "<group>";
		};
		C95FD1431B2A66AD001755FF /* Third Party */ = {
			isa = PBXGroup;
			children = (
				272A4AE01C73770D00700DCA /* KILabel.h */,
				272A4AE11C73770D00700DCA /* KILabel.m */,
				C9D893351BB596FB00259AB4 /* NSObject+Properties.h */,
				C9D893361BB596FB00259AB4 /* NSObject+Properties.m */,
				C9D893371BB596FB00259AB4 /* PFObject+NSCoding.h */,
				C9D893381BB596FB00259AB4 /* PFObject+NSCoding.m */,
				C95493871B7CD2FA00BD8CB6 /* UIScrollView+EmptyDataSet.h */,
				C95493881B7CD2FA00BD8CB6 /* UIScrollView+EmptyDataSet.m */,
				C9EC0F601B2A68F8004FFDC3 /* MSTextField.h */,
				C9EC0F611B2A68F8004FFDC3 /* MSTextField.m */,
				C90552151B3C3ABC007B5946 /* MBProgressHUD.h */,
				C90552161B3C3ABC007B5946 /* MBProgressHUD.m */,
				C90C3CFB1B04FC2200CABBC9 /* AFNetworking */,
				C9525A361B251FD400185713 /* Cloudinary */,
				C95FD13D1B2A66A7001755FF /* TPKeyboardAvoidingScrollView.h */,
				C95FD13E1B2A66A7001755FF /* TPKeyboardAvoidingScrollView.m */,
				C95FD13F1B2A66A7001755FF /* UIScrollView+TPKeyboardAvoidingAdditions.h */,
				C95FD1401B2A66A7001755FF /* UIScrollView+TPKeyboardAvoidingAdditions.m */,
				C977065F1B975EC300FB11B2 /* TTTAttributedLabel.h */,
				C97706601B975EC300FB11B2 /* TTTAttributedLabel.m */,
				C97706621B97C7C000FB11B2 /* TTTTimeIntervalFormatter.h */,
				C97706631B97C7C000FB11B2 /* TTTTimeIntervalFormatter.m */,
			);
			name = "Third Party";
			sourceTree = "<group>";
		};
/* End PBXGroup section */

/* Begin PBXNativeTarget section */
		224F3F8B1AE1D35E003A1DEB /* TripTrunk */ = {
			isa = PBXNativeTarget;
			buildConfigurationList = 224F3FAF1AE1D35E003A1DEB /* Build configuration list for PBXNativeTarget "TripTrunk" */;
			buildPhases = (
				60DD29FF1D116E7F3B1214C6 /* Check Pods Manifest.lock */,
				224F3F881AE1D35E003A1DEB /* Sources */,
				224F3F891AE1D35E003A1DEB /* Frameworks */,
				224F3F8A1AE1D35E003A1DEB /* Resources */,
				1813B53758C7F0A17E9C4DAE /* Embed Pods Frameworks */,
				1403A4DFE67D5CE69D660D52 /* Copy Pods Resources */,
			);
			buildRules = (
			);
			dependencies = (
			);
			name = TripTrunk;
			productName = TripTrunk;
			productReference = 224F3F8C1AE1D35E003A1DEB /* TripTrunk.app */;
			productType = "com.apple.product-type.application";
		};
		224F3FA41AE1D35E003A1DEB /* TripTrunkTests */ = {
			isa = PBXNativeTarget;
			buildConfigurationList = 224F3FB21AE1D35E003A1DEB /* Build configuration list for PBXNativeTarget "TripTrunkTests" */;
			buildPhases = (
				224F3FA11AE1D35E003A1DEB /* Sources */,
				224F3FA21AE1D35E003A1DEB /* Frameworks */,
				224F3FA31AE1D35E003A1DEB /* Resources */,
			);
			buildRules = (
			);
			dependencies = (
				224F3FA71AE1D35E003A1DEB /* PBXTargetDependency */,
			);
			name = TripTrunkTests;
			productName = TripTrunkTests;
			productReference = 224F3FA51AE1D35E003A1DEB /* TripTrunkTests.xctest */;
			productType = "com.apple.product-type.bundle.unit-test";
		};
/* End PBXNativeTarget section */

/* Begin PBXProject section */
		224F3F841AE1D35E003A1DEB /* Project object */ = {
			isa = PBXProject;
			attributes = {
				LastUpgradeCheck = 0700;
				ORGANIZATIONNAME = "Michael Maloof";
				TargetAttributes = {
					224F3F8B1AE1D35E003A1DEB = {
						CreatedOnToolsVersion = 6.3;
						DevelopmentTeam = 8WCRSCZ8NE;
						SystemCapabilities = {
							com.apple.BackgroundModes = {
								enabled = 0;
							};
							com.apple.InAppPurchase = {
								enabled = 0;
							};
							com.apple.Push = {
								enabled = 1;
							};
						};
					};
					224F3FA41AE1D35E003A1DEB = {
						CreatedOnToolsVersion = 6.3;
						TestTargetID = 224F3F8B1AE1D35E003A1DEB;
					};
				};
			};
			buildConfigurationList = 224F3F871AE1D35E003A1DEB /* Build configuration list for PBXProject "TripTrunk" */;
			compatibilityVersion = "Xcode 3.2";
			developmentRegion = English;
			hasScannedForEncodings = 0;
			knownRegions = (
				en,
				Base,
			);
			mainGroup = 224F3F831AE1D35E003A1DEB;
			productRefGroup = 224F3F8D1AE1D35E003A1DEB /* Products */;
			projectDirPath = "";
			projectRoot = "";
			targets = (
				224F3F8B1AE1D35E003A1DEB /* TripTrunk */,
				224F3FA41AE1D35E003A1DEB /* TripTrunkTests */,
			);
		};
/* End PBXProject section */

/* Begin PBXResourcesBuildPhase section */
		224F3F8A1AE1D35E003A1DEB /* Resources */ = {
			isa = PBXResourcesBuildPhase;
			buildActionMask = 2147483647;
			files = (
				C977065E1B9754B000FB11B2 /* ActivityTableViewCell.xib in Resources */,
				C9F4C44E1B46EA6D00EFF6B3 /* photo134.png in Resources */,
				C90ADEAE1BA21F1A000809D0 /* EditProfileViewController.xib in Resources */,
				C90C3CF21B04F40000CABBC9 /* FriendsListViewController.xib in Resources */,
				224F3F9B1AE1D35E003A1DEB /* Main.storyboard in Resources */,
				C9FC5A231BC49CE200EB5158 /* EULAViewController.xib in Resources */,
				4C80831E1BDABCDD00DB1AC0 /* TutorialViewController.xib in Resources */,
				C9CAE0B71BA0788A00E92A7E /* UserProfileViewController.xib in Resources */,
				224F3FA01AE1D35E003A1DEB /* LaunchScreen.xib in Resources */,
				224F3F9D1AE1D35E003A1DEB /* Images.xcassets in Resources */,
				C90C3CF71B04F45500CABBC9 /* UserTableViewCell.xib in Resources */,
				C9FB808C1B827CA4008B8A67 /* CommentTableViewCell.xib in Resources */,
			);
			runOnlyForDeploymentPostprocessing = 0;
		};
		224F3FA31AE1D35E003A1DEB /* Resources */ = {
			isa = PBXResourcesBuildPhase;
			buildActionMask = 2147483647;
			files = (
			);
			runOnlyForDeploymentPostprocessing = 0;
		};
/* End PBXResourcesBuildPhase section */

/* Begin PBXShellScriptBuildPhase section */
		1403A4DFE67D5CE69D660D52 /* Copy Pods Resources */ = {
			isa = PBXShellScriptBuildPhase;
			buildActionMask = 2147483647;
			files = (
			);
			inputPaths = (
			);
			name = "Copy Pods Resources";
			outputPaths = (
			);
			runOnlyForDeploymentPostprocessing = 0;
			shellPath = /bin/sh;
			shellScript = "\"${SRCROOT}/Pods/Target Support Files/Pods/Pods-resources.sh\"\n";
			showEnvVarsInLog = 0;
		};
		1813B53758C7F0A17E9C4DAE /* Embed Pods Frameworks */ = {
			isa = PBXShellScriptBuildPhase;
			buildActionMask = 2147483647;
			files = (
			);
			inputPaths = (
			);
			name = "Embed Pods Frameworks";
			outputPaths = (
			);
			runOnlyForDeploymentPostprocessing = 0;
			shellPath = /bin/sh;
			shellScript = "\"${SRCROOT}/Pods/Target Support Files/Pods/Pods-frameworks.sh\"\n";
			showEnvVarsInLog = 0;
		};
		60DD29FF1D116E7F3B1214C6 /* Check Pods Manifest.lock */ = {
			isa = PBXShellScriptBuildPhase;
			buildActionMask = 2147483647;
			files = (
			);
			inputPaths = (
			);
			name = "Check Pods Manifest.lock";
			outputPaths = (
			);
			runOnlyForDeploymentPostprocessing = 0;
			shellPath = /bin/sh;
			shellScript = "diff \"${PODS_ROOT}/../Podfile.lock\" \"${PODS_ROOT}/Manifest.lock\" > /dev/null\nif [[ $? != 0 ]] ; then\n    cat << EOM\nerror: The sandbox is not in sync with the Podfile.lock. Run 'pod install' or update your CocoaPods installation.\nEOM\n    exit 1\nfi\n";
			showEnvVarsInLog = 0;
		};
/* End PBXShellScriptBuildPhase section */

/* Begin PBXSourcesBuildPhase section */
		224F3F881AE1D35E003A1DEB /* Sources */ = {
			isa = PBXSourcesBuildPhase;
			buildActionMask = 2147483647;
			files = (
				C90C3D151B04FC2200CABBC9 /* AFURLRequestSerialization.m in Sources */,
				C9FAB7AD1B1B9FC600282EA3 /* TrunkMembersViewController.m in Sources */,
				C97706611B975EC300FB11B2 /* TTTAttributedLabel.m in Sources */,
				C90C3D1C1B053F4B00CABBC9 /* UserProfileViewController.m in Sources */,
				C903F7141B98885500F56FE1 /* CommentListViewController.m in Sources */,
				229D42861AE850C700458244 /* TripImageView.m in Sources */,
				223547F71AE333F2001FE916 /* Photo.m in Sources */,
				C90C3CF61B04F45500CABBC9 /* UserTableViewCell.m in Sources */,
				22474D7D1AE5E29400C76E87 /* PhotoCollectionViewCell.m in Sources */,
				C9FB808B1B827CA4008B8A67 /* CommentTableViewCell.m in Sources */,
				C90C3D141B04FC2200CABBC9 /* AFURLConnectionOperation.m in Sources */,
				C9FB808F1B83C7E9008B8A67 /* TTCommentInputView.m in Sources */,
				22DDB3511BD5E21D00FBEAAC /* TTForgotPasswordViewController.m in Sources */,
				C9CD1CAC1AFC27FA00D967A5 /* FriendTableViewCell.m in Sources */,
				C9F6B4F81B5575E8003BD4D5 /* UIColor+HexColors.m in Sources */,
				C97706641B97C7C000FB11B2 /* TTTTimeIntervalFormatter.m in Sources */,
				C9C729A01B0248D900BA68D2 /* SocialUtility.m in Sources */,
				C9CD1CA91AFC1E0300D967A5 /* FindFriendsViewController.m in Sources */,
				C977065D1B9754B000FB11B2 /* ActivityTableViewCell.m in Sources */,
				C98FF3861B9F3B110041480E /* CitySearchViewController.m in Sources */,
				C9996DD51B45CB2C00326A51 /* ParseErrorHandlingController.m in Sources */,
				224F3FBB1AE1D8F6003A1DEB /* LoginViewController.m in Sources */,
				22CBFDDF1BE2D4BB00D38E8D /* EditCaptionViewController.m in Sources */,
				C9CD1CA61AFC079600D967A5 /* UsernameViewController.m in Sources */,
				22343AEA1BC9A85F00F0B2E5 /* TTBaseTableViewController.m in Sources */,
				C90C3CF11B04F40000CABBC9 /* FriendsListViewController.m in Sources */,
				C90C3D121B04FC2200CABBC9 /* AFNetworkReachabilityManager.m in Sources */,
				C95FD1411B2A66A7001755FF /* TPKeyboardAvoidingScrollView.m in Sources */,
				C95FD1421B2A66A7001755FF /* UIScrollView+TPKeyboardAvoidingAdditions.m in Sources */,
				223547F11AE320FF001FE916 /* AddTripViewController.m in Sources */,
				C95493891B7CD2FA00BD8CB6 /* UIScrollView+EmptyDataSet.m in Sources */,
				C9D8933A1BB596FB00259AB4 /* PFObject+NSCoding.m in Sources */,
				223547F41AE322C3001FE916 /* Trip.m in Sources */,
				22343AE71BC9A42C00F0B2E5 /* TTBaseViewController.m in Sources */,
				C9525A3E1B25218800185713 /* TTUtility.m in Sources */,
				2232F9C91C7239AC00D9A2D3 /* TTTimeLineCollectionViewCell.m in Sources */,
				C90C3D171B04FC2200CABBC9 /* AFURLSessionManager.m in Sources */,
				220408D91AEC5475009DB060 /* TrunkListViewController.m in Sources */,
				2232F9C61C6E241D00D9A2D3 /* TTNewsFeedViewController.m in Sources */,
				C90ADEAD1BA21F1A000809D0 /* EditProfileViewController.m in Sources */,
				220408F41AF311D6009DB060 /* Comment.m in Sources */,
				220408E71AEDB23F009DB060 /* TrunkCollectionViewCell.m in Sources */,
				272A4AE81C77CF5400700DCA /* TTSuggestionTableViewController.m in Sources */,
				272A4AE21C73770D00700DCA /* KILabel.m in Sources */,
				2268B09E1B32485300C941C4 /* HomeMapViewController.m in Sources */,
				C9F9177C1B4ECFDC00AE8953 /* MSFloatingProgressView.m in Sources */,
				C9F0D66B1B73D15900957F59 /* TTCache.m in Sources */,
				C9EC0F621B2A68F8004FFDC3 /* MSTextField.m in Sources */,
				220408E41AED58C0009DB060 /* TrunkViewController.m in Sources */,
				C9FAB7A01B18D7C200282EA3 /* AddTripFriendsViewController.m in Sources */,
				220408F11AF1C1EA009DB060 /* PhotoViewController.m in Sources */,
				4C80831D1BDABCDD00DB1AC0 /* TutorialViewController.m in Sources */,
				223547FA1AE5A763001FE916 /* AddTripPhotosViewController.m in Sources */,
				C90C3CFA1B04F9C400CABBC9 /* UIImageView+AFNetworking.m in Sources */,
				C90C3D131B04FC2200CABBC9 /* AFSecurityPolicy.m in Sources */,
				C910B1941B66B97700788BE0 /* ActivityListViewController.m in Sources */,
				C90C3D101B04FC2200CABBC9 /* AFHTTPRequestOperationManager.m in Sources */,
				C90C3D111B04FC2200CABBC9 /* AFHTTPSessionManager.m in Sources */,
				C9D893391BB596FB00259AB4 /* NSObject+Properties.m in Sources */,
				224F3F951AE1D35E003A1DEB /* AppDelegate.m in Sources */,
				C9FC5A221BC49CE200EB5158 /* EULAViewController.m in Sources */,
				C90552171B3C3ABC007B5946 /* MBProgressHUD.m in Sources */,
				C90C3D0F1B04FC2200CABBC9 /* AFHTTPRequestOperation.m in Sources */,
				220408DC1AED52C3009DB060 /* TrunkTableViewCell.m in Sources */,
				226AAC0F1BB21CEF0031AF98 /* UserCellCollectionViewCell.m in Sources */,
				C90C3D161B04FC2200CABBC9 /* AFURLResponseSerialization.m in Sources */,
				22560FD31BFCE459005D81E2 /* PublicTripDetail.m in Sources */,
				224F3F921AE1D35E003A1DEB /* main.m in Sources */,
			);
			runOnlyForDeploymentPostprocessing = 0;
		};
		224F3FA11AE1D35E003A1DEB /* Sources */ = {
			isa = PBXSourcesBuildPhase;
			buildActionMask = 2147483647;
			files = (
				C9525A3F1B25218800185713 /* TTUtility.m in Sources */,
				224F3FAC1AE1D35E003A1DEB /* TripTrunkTests.m in Sources */,
			);
			runOnlyForDeploymentPostprocessing = 0;
		};
/* End PBXSourcesBuildPhase section */

/* Begin PBXTargetDependency section */
		224F3FA71AE1D35E003A1DEB /* PBXTargetDependency */ = {
			isa = PBXTargetDependency;
			target = 224F3F8B1AE1D35E003A1DEB /* TripTrunk */;
			targetProxy = 224F3FA61AE1D35E003A1DEB /* PBXContainerItemProxy */;
		};
/* End PBXTargetDependency section */

/* Begin PBXVariantGroup section */
		224F3F991AE1D35E003A1DEB /* Main.storyboard */ = {
			isa = PBXVariantGroup;
			children = (
				224F3F9A1AE1D35E003A1DEB /* Base */,
			);
			name = Main.storyboard;
			sourceTree = "<group>";
		};
		224F3F9E1AE1D35E003A1DEB /* LaunchScreen.xib */ = {
			isa = PBXVariantGroup;
			children = (
				224F3F9F1AE1D35E003A1DEB /* Base */,
			);
			name = LaunchScreen.xib;
			sourceTree = "<group>";
		};
/* End PBXVariantGroup section */

/* Begin XCBuildConfiguration section */
		224F3FAD1AE1D35E003A1DEB /* Debug */ = {
			isa = XCBuildConfiguration;
			buildSettings = {
				ALWAYS_SEARCH_USER_PATHS = NO;
				CLANG_CXX_LANGUAGE_STANDARD = "gnu++0x";
				CLANG_CXX_LIBRARY = "libc++";
				CLANG_ENABLE_MODULES = YES;
				CLANG_ENABLE_OBJC_ARC = YES;
				CLANG_WARN_BOOL_CONVERSION = YES;
				CLANG_WARN_CONSTANT_CONVERSION = YES;
				CLANG_WARN_DIRECT_OBJC_ISA_USAGE = YES_ERROR;
				CLANG_WARN_EMPTY_BODY = YES;
				CLANG_WARN_ENUM_CONVERSION = YES;
				CLANG_WARN_INT_CONVERSION = YES;
				CLANG_WARN_OBJC_ROOT_CLASS = YES_ERROR;
				CLANG_WARN_UNREACHABLE_CODE = YES;
				CLANG_WARN__DUPLICATE_METHOD_MATCH = YES;
				"CODE_SIGN_IDENTITY[sdk=iphoneos*]" = "iPhone Developer";
				COPY_PHASE_STRIP = NO;
				DEBUG_INFORMATION_FORMAT = "dwarf-with-dsym";
				ENABLE_STRICT_OBJC_MSGSEND = YES;
				ENABLE_TESTABILITY = YES;
				GCC_C_LANGUAGE_STANDARD = gnu99;
				GCC_DYNAMIC_NO_PIC = NO;
				GCC_NO_COMMON_BLOCKS = YES;
				GCC_OPTIMIZATION_LEVEL = 0;
				GCC_PREPROCESSOR_DEFINITIONS = (
					"DEBUG=1",
					"$(inherited)",
				);
				GCC_SYMBOLS_PRIVATE_EXTERN = NO;
				GCC_WARN_64_TO_32_BIT_CONVERSION = YES;
				GCC_WARN_ABOUT_RETURN_TYPE = YES_ERROR;
				GCC_WARN_UNDECLARED_SELECTOR = YES;
				GCC_WARN_UNINITIALIZED_AUTOS = YES_AGGRESSIVE;
				GCC_WARN_UNUSED_FUNCTION = YES;
				GCC_WARN_UNUSED_VARIABLE = YES;
				IPHONEOS_DEPLOYMENT_TARGET = 8.3;
				MTL_ENABLE_DEBUG_INFO = YES;
				ONLY_ACTIVE_ARCH = YES;
				SDKROOT = iphoneos;
				TARGETED_DEVICE_FAMILY = "1,2";
			};
			name = Debug;
		};
		224F3FAE1AE1D35E003A1DEB /* Release */ = {
			isa = XCBuildConfiguration;
			buildSettings = {
				ALWAYS_SEARCH_USER_PATHS = NO;
				CLANG_CXX_LANGUAGE_STANDARD = "gnu++0x";
				CLANG_CXX_LIBRARY = "libc++";
				CLANG_ENABLE_MODULES = YES;
				CLANG_ENABLE_OBJC_ARC = YES;
				CLANG_WARN_BOOL_CONVERSION = YES;
				CLANG_WARN_CONSTANT_CONVERSION = YES;
				CLANG_WARN_DIRECT_OBJC_ISA_USAGE = YES_ERROR;
				CLANG_WARN_EMPTY_BODY = YES;
				CLANG_WARN_ENUM_CONVERSION = YES;
				CLANG_WARN_INT_CONVERSION = YES;
				CLANG_WARN_OBJC_ROOT_CLASS = YES_ERROR;
				CLANG_WARN_UNREACHABLE_CODE = YES;
				CLANG_WARN__DUPLICATE_METHOD_MATCH = YES;
				"CODE_SIGN_IDENTITY[sdk=iphoneos*]" = "iPhone Developer";
				COPY_PHASE_STRIP = NO;
				DEBUG_INFORMATION_FORMAT = "dwarf-with-dsym";
				ENABLE_NS_ASSERTIONS = NO;
				ENABLE_STRICT_OBJC_MSGSEND = YES;
				GCC_C_LANGUAGE_STANDARD = gnu99;
				GCC_NO_COMMON_BLOCKS = YES;
				GCC_WARN_64_TO_32_BIT_CONVERSION = YES;
				GCC_WARN_ABOUT_RETURN_TYPE = YES_ERROR;
				GCC_WARN_UNDECLARED_SELECTOR = YES;
				GCC_WARN_UNINITIALIZED_AUTOS = YES_AGGRESSIVE;
				GCC_WARN_UNUSED_FUNCTION = YES;
				GCC_WARN_UNUSED_VARIABLE = YES;
				IPHONEOS_DEPLOYMENT_TARGET = 8.3;
				MTL_ENABLE_DEBUG_INFO = NO;
				SDKROOT = iphoneos;
				TARGETED_DEVICE_FAMILY = "1,2";
				VALIDATE_PRODUCT = YES;
			};
			name = Release;
		};
		224F3FB01AE1D35E003A1DEB /* Debug */ = {
			isa = XCBuildConfiguration;
			baseConfigurationReference = 4EBC0D545C3FB96C9B7332CD /* Pods.debug.xcconfig */;
			buildSettings = {
				ASSETCATALOG_COMPILER_APPICON_NAME = AppIcon;
				ASSETCATALOG_COMPILER_LAUNCHIMAGE_NAME = launch_background;
				CODE_SIGN_IDENTITY = "iPhone Developer";
				"CODE_SIGN_IDENTITY[sdk=iphoneos*]" = "iPhone Developer";
				ENABLE_BITCODE = NO;
				FRAMEWORK_SEARCH_PATHS = (
					"$(inherited)",
					"$(PROJECT_DIR)",
					"$(PROJECT_DIR)/FacebookSDK",
				);
				INFOPLIST_FILE = TripTrunk/Info.plist;
				IPHONEOS_DEPLOYMENT_TARGET = 8.0;
				LD_RUNPATH_SEARCH_PATHS = "$(inherited) @executable_path/Frameworks";
				LIBRARY_SEARCH_PATHS = (
					"$(inherited)",
					"$(PROJECT_DIR)",
				);
				ONLY_ACTIVE_ARCH = NO;
				OTHER_LDFLAGS = "$(inherited)";
				PRODUCT_BUNDLE_IDENTIFIER = "com.triptrunk.$(PRODUCT_NAME:rfc1034identifier)";
				PRODUCT_NAME = "$(TARGET_NAME)";
				PROVISIONING_PROFILE = "";
				TARGETED_DEVICE_FAMILY = 1;
			};
			name = Debug;
		};
		224F3FB11AE1D35E003A1DEB /* Release */ = {
			isa = XCBuildConfiguration;
			baseConfigurationReference = 5C13C20E9104579183AE0F9F /* Pods.release.xcconfig */;
			buildSettings = {
				ASSETCATALOG_COMPILER_APPICON_NAME = AppIcon;
				ASSETCATALOG_COMPILER_LAUNCHIMAGE_NAME = launch_background;
				CODE_SIGN_IDENTITY = "iPhone Developer";
				"CODE_SIGN_IDENTITY[sdk=iphoneos*]" = "iPhone Developer";
				ENABLE_BITCODE = NO;
				FRAMEWORK_SEARCH_PATHS = (
					"$(inherited)",
					"$(PROJECT_DIR)",
					"$(PROJECT_DIR)/FacebookSDK",
				);
				INFOPLIST_FILE = TripTrunk/Info.plist;
				IPHONEOS_DEPLOYMENT_TARGET = 8.0;
				LD_RUNPATH_SEARCH_PATHS = "$(inherited) @executable_path/Frameworks";
				LIBRARY_SEARCH_PATHS = (
					"$(inherited)",
					"$(PROJECT_DIR)",
				);
				ONLY_ACTIVE_ARCH = NO;
				OTHER_LDFLAGS = "$(inherited)";
				PRODUCT_BUNDLE_IDENTIFIER = "com.triptrunk.$(PRODUCT_NAME:rfc1034identifier)";
				PRODUCT_NAME = "$(TARGET_NAME)";
				PROVISIONING_PROFILE = "";
				TARGETED_DEVICE_FAMILY = 1;
			};
			name = Release;
		};
		224F3FB31AE1D35E003A1DEB /* Debug */ = {
			isa = XCBuildConfiguration;
			buildSettings = {
				BUNDLE_LOADER = "$(TEST_HOST)";
				FRAMEWORK_SEARCH_PATHS = (
					"$(SDKROOT)/Developer/Library/Frameworks",
					"$(inherited)",
					"$(PROJECT_DIR)",
				);
				GCC_PREPROCESSOR_DEFINITIONS = (
					"DEBUG=1",
					"$(inherited)",
				);
				INFOPLIST_FILE = TripTrunkTests/Info.plist;
				LD_RUNPATH_SEARCH_PATHS = "$(inherited) @executable_path/Frameworks @loader_path/Frameworks";
				LIBRARY_SEARCH_PATHS = (
					"$(inherited)",
					"$(PROJECT_DIR)",
				);
				PRODUCT_BUNDLE_IDENTIFIER = "Maloof.$(PRODUCT_NAME:rfc1034identifier)";
				PRODUCT_NAME = "$(TARGET_NAME)";
				TEST_HOST = "$(BUILT_PRODUCTS_DIR)/TripTrunk.app/TripTrunk";
			};
			name = Debug;
		};
		224F3FB41AE1D35E003A1DEB /* Release */ = {
			isa = XCBuildConfiguration;
			buildSettings = {
				BUNDLE_LOADER = "$(TEST_HOST)";
				FRAMEWORK_SEARCH_PATHS = (
					"$(SDKROOT)/Developer/Library/Frameworks",
					"$(inherited)",
					"$(PROJECT_DIR)",
				);
				INFOPLIST_FILE = TripTrunkTests/Info.plist;
				LD_RUNPATH_SEARCH_PATHS = "$(inherited) @executable_path/Frameworks @loader_path/Frameworks";
				LIBRARY_SEARCH_PATHS = (
					"$(inherited)",
					"$(PROJECT_DIR)",
				);
				PRODUCT_BUNDLE_IDENTIFIER = "Maloof.$(PRODUCT_NAME:rfc1034identifier)";
				PRODUCT_NAME = "$(TARGET_NAME)";
				TEST_HOST = "$(BUILT_PRODUCTS_DIR)/TripTrunk.app/TripTrunk";
			};
			name = Release;
		};
/* End XCBuildConfiguration section */

/* Begin XCConfigurationList section */
		224F3F871AE1D35E003A1DEB /* Build configuration list for PBXProject "TripTrunk" */ = {
			isa = XCConfigurationList;
			buildConfigurations = (
				224F3FAD1AE1D35E003A1DEB /* Debug */,
				224F3FAE1AE1D35E003A1DEB /* Release */,
			);
			defaultConfigurationIsVisible = 0;
			defaultConfigurationName = Release;
		};
		224F3FAF1AE1D35E003A1DEB /* Build configuration list for PBXNativeTarget "TripTrunk" */ = {
			isa = XCConfigurationList;
			buildConfigurations = (
				224F3FB01AE1D35E003A1DEB /* Debug */,
				224F3FB11AE1D35E003A1DEB /* Release */,
			);
			defaultConfigurationIsVisible = 0;
			defaultConfigurationName = Release;
		};
		224F3FB21AE1D35E003A1DEB /* Build configuration list for PBXNativeTarget "TripTrunkTests" */ = {
			isa = XCConfigurationList;
			buildConfigurations = (
				224F3FB31AE1D35E003A1DEB /* Debug */,
				224F3FB41AE1D35E003A1DEB /* Release */,
			);
			defaultConfigurationIsVisible = 0;
			defaultConfigurationName = Release;
		};
/* End XCConfigurationList section */
	};
	rootObject = 224F3F841AE1D35E003A1DEB /* Project object */;
}
