// !$*UTF8*$!
{
	archiveVersion = 1;
	classes = {
	};
	objectVersion = 46;
	objects = {

/* Begin PBXBuildFile section */
		220408D91AEC5475009DB060 /* TrunkListViewController.m in Sources */ = {isa = PBXBuildFile; fileRef = 220408D81AEC5475009DB060 /* TrunkListViewController.m */; };
		223547E41AE2BB89001FE916 /* Parse.framework in Frameworks */ = {isa = PBXBuildFile; fileRef = 223547E31AE2BB89001FE916 /* Parse.framework */; };
		223547E61AE2BB92001FE916 /* Bolts.framework in Frameworks */ = {isa = PBXBuildFile; fileRef = 223547E51AE2BB92001FE916 /* Bolts.framework */; };
		223547E81AE2BBAE001FE916 /* Accounts.framework in Frameworks */ = {isa = PBXBuildFile; fileRef = 223547E71AE2BBAE001FE916 /* Accounts.framework */; };
		223547EA1AE2BBD0001FE916 /* MapKit.framework in Frameworks */ = {isa = PBXBuildFile; fileRef = 223547E91AE2BBD0001FE916 /* MapKit.framework */; };
		223547EC1AE2BBD8001FE916 /* CoreLocation.framework in Frameworks */ = {isa = PBXBuildFile; fileRef = 223547EB1AE2BBD8001FE916 /* CoreLocation.framework */; };
		223547EE1AE2BBEE001FE916 /* Social.framework in Frameworks */ = {isa = PBXBuildFile; fileRef = 223547ED1AE2BBEE001FE916 /* Social.framework */; };
		223547F11AE320FF001FE916 /* AddTripViewController.m in Sources */ = {isa = PBXBuildFile; fileRef = 223547F01AE320FF001FE916 /* AddTripViewController.m */; };
		223547F41AE322C3001FE916 /* Trip.m in Sources */ = {isa = PBXBuildFile; fileRef = 223547F31AE322C3001FE916 /* Trip.m */; };
		223547F71AE333F2001FE916 /* Photo.m in Sources */ = {isa = PBXBuildFile; fileRef = 223547F61AE333F2001FE916 /* Photo.m */; };
		223547FA1AE5A763001FE916 /* AddTripPhotosViewController.m in Sources */ = {isa = PBXBuildFile; fileRef = 223547F91AE5A763001FE916 /* AddTripPhotosViewController.m */; };
		22474D7D1AE5E29400C76E87 /* PhotoCollectionViewCell.m in Sources */ = {isa = PBXBuildFile; fileRef = 22474D7C1AE5E29400C76E87 /* PhotoCollectionViewCell.m */; };
		224F3F921AE1D35E003A1DEB /* main.m in Sources */ = {isa = PBXBuildFile; fileRef = 224F3F911AE1D35E003A1DEB /* main.m */; };
		224F3F951AE1D35E003A1DEB /* AppDelegate.m in Sources */ = {isa = PBXBuildFile; fileRef = 224F3F941AE1D35E003A1DEB /* AppDelegate.m */; };
		224F3F981AE1D35E003A1DEB /* HomeMapViewController.m in Sources */ = {isa = PBXBuildFile; fileRef = 224F3F971AE1D35E003A1DEB /* HomeMapViewController.m */; };
		224F3F9B1AE1D35E003A1DEB /* Main.storyboard in Resources */ = {isa = PBXBuildFile; fileRef = 224F3F991AE1D35E003A1DEB /* Main.storyboard */; };
		224F3F9D1AE1D35E003A1DEB /* Images.xcassets in Resources */ = {isa = PBXBuildFile; fileRef = 224F3F9C1AE1D35E003A1DEB /* Images.xcassets */; };
		224F3FA01AE1D35E003A1DEB /* LaunchScreen.xib in Resources */ = {isa = PBXBuildFile; fileRef = 224F3F9E1AE1D35E003A1DEB /* LaunchScreen.xib */; };
		224F3FAC1AE1D35E003A1DEB /* TripTrunkTests.m in Sources */ = {isa = PBXBuildFile; fileRef = 224F3FAB1AE1D35E003A1DEB /* TripTrunkTests.m */; };
		224F3FBB1AE1D8F6003A1DEB /* LoginViewController.m in Sources */ = {isa = PBXBuildFile; fileRef = 224F3FBA1AE1D8F6003A1DEB /* LoginViewController.m */; };
		224F3FE61AE1E565003A1DEB /* AudioToolbox.framework in Frameworks */ = {isa = PBXBuildFile; fileRef = 224F3FE51AE1E565003A1DEB /* AudioToolbox.framework */; };
		224F3FE81AE1E56B003A1DEB /* CFNetwork.framework in Frameworks */ = {isa = PBXBuildFile; fileRef = 224F3FE71AE1E56B003A1DEB /* CFNetwork.framework */; };
		224F3FEA1AE1E572003A1DEB /* CoreGraphics.framework in Frameworks */ = {isa = PBXBuildFile; fileRef = 224F3FE91AE1E572003A1DEB /* CoreGraphics.framework */; };
		224F3FEC1AE1E583003A1DEB /* MobileCoreServices.framework in Frameworks */ = {isa = PBXBuildFile; fileRef = 224F3FEB1AE1E583003A1DEB /* MobileCoreServices.framework */; };
		224F3FEE1AE1E589003A1DEB /* QuartzCore.framework in Frameworks */ = {isa = PBXBuildFile; fileRef = 224F3FED1AE1E589003A1DEB /* QuartzCore.framework */; };
		224F3FF01AE1E590003A1DEB /* Security.framework in Frameworks */ = {isa = PBXBuildFile; fileRef = 224F3FEF1AE1E590003A1DEB /* Security.framework */; };
		224F3FF21AE1E59E003A1DEB /* StoreKit.framework in Frameworks */ = {isa = PBXBuildFile; fileRef = 224F3FF11AE1E59E003A1DEB /* StoreKit.framework */; };
		224F3FF41AE1E5A6003A1DEB /* SystemConfiguration.framework in Frameworks */ = {isa = PBXBuildFile; fileRef = 224F3FF31AE1E5A6003A1DEB /* SystemConfiguration.framework */; };
		224F3FF61AE1E5AE003A1DEB /* libz.dylib in Frameworks */ = {isa = PBXBuildFile; fileRef = 224F3FF51AE1E5AE003A1DEB /* libz.dylib */; };
		224F3FF81AE1E5B8003A1DEB /* libsqlite3.dylib in Frameworks */ = {isa = PBXBuildFile; fileRef = 224F3FF71AE1E5B8003A1DEB /* libsqlite3.dylib */; };
		224F3FFA1AE1E5BE003A1DEB /* UIKit.framework in Frameworks */ = {isa = PBXBuildFile; fileRef = 224F3FF91AE1E5BE003A1DEB /* UIKit.framework */; };
		229D42861AE850C700458244 /* TripImageView.m in Sources */ = {isa = PBXBuildFile; fileRef = 229D42851AE850C700458244 /* TripImageView.m */; };
/* End PBXBuildFile section */

/* Begin PBXContainerItemProxy section */
		224F3FA61AE1D35E003A1DEB /* PBXContainerItemProxy */ = {
			isa = PBXContainerItemProxy;
			containerPortal = 224F3F841AE1D35E003A1DEB /* Project object */;
			proxyType = 1;
			remoteGlobalIDString = 224F3F8B1AE1D35E003A1DEB;
			remoteInfo = TripTrunk;
		};
/* End PBXContainerItemProxy section */

/* Begin PBXFileReference section */
		220408D71AEC5475009DB060 /* TrunkListViewController.h */ = {isa = PBXFileReference; fileEncoding = 4; lastKnownFileType = sourcecode.c.h; path = TrunkListViewController.h; sourceTree = "<group>"; };
		220408D81AEC5475009DB060 /* TrunkListViewController.m */ = {isa = PBXFileReference; fileEncoding = 4; lastKnownFileType = sourcecode.c.objc; path = TrunkListViewController.m; sourceTree = "<group>"; };
		223547E31AE2BB89001FE916 /* Parse.framework */ = {isa = PBXFileReference; lastKnownFileType = wrapper.framework; path = Parse.framework; sourceTree = "<group>"; };
		223547E51AE2BB92001FE916 /* Bolts.framework */ = {isa = PBXFileReference; lastKnownFileType = wrapper.framework; path = Bolts.framework; sourceTree = "<group>"; };
		223547E71AE2BBAE001FE916 /* Accounts.framework */ = {isa = PBXFileReference; lastKnownFileType = wrapper.framework; name = Accounts.framework; path = System/Library/Frameworks/Accounts.framework; sourceTree = SDKROOT; };
		223547E91AE2BBD0001FE916 /* MapKit.framework */ = {isa = PBXFileReference; lastKnownFileType = wrapper.framework; name = MapKit.framework; path = System/Library/Frameworks/MapKit.framework; sourceTree = SDKROOT; };
		223547EB1AE2BBD8001FE916 /* CoreLocation.framework */ = {isa = PBXFileReference; lastKnownFileType = wrapper.framework; name = CoreLocation.framework; path = System/Library/Frameworks/CoreLocation.framework; sourceTree = SDKROOT; };
		223547ED1AE2BBEE001FE916 /* Social.framework */ = {isa = PBXFileReference; lastKnownFileType = wrapper.framework; name = Social.framework; path = System/Library/Frameworks/Social.framework; sourceTree = SDKROOT; };
		223547EF1AE320FF001FE916 /* AddTripViewController.h */ = {isa = PBXFileReference; fileEncoding = 4; lastKnownFileType = sourcecode.c.h; path = AddTripViewController.h; sourceTree = "<group>"; };
		223547F01AE320FF001FE916 /* AddTripViewController.m */ = {isa = PBXFileReference; fileEncoding = 4; lastKnownFileType = sourcecode.c.objc; path = AddTripViewController.m; sourceTree = "<group>"; };
		223547F21AE322C3001FE916 /* Trip.h */ = {isa = PBXFileReference; fileEncoding = 4; lastKnownFileType = sourcecode.c.h; path = Trip.h; sourceTree = "<group>"; };
		223547F31AE322C3001FE916 /* Trip.m */ = {isa = PBXFileReference; fileEncoding = 4; lastKnownFileType = sourcecode.c.objc; path = Trip.m; sourceTree = "<group>"; };
		223547F51AE333F2001FE916 /* Photo.h */ = {isa = PBXFileReference; fileEncoding = 4; lastKnownFileType = sourcecode.c.h; path = Photo.h; sourceTree = "<group>"; };
		223547F61AE333F2001FE916 /* Photo.m */ = {isa = PBXFileReference; fileEncoding = 4; lastKnownFileType = sourcecode.c.objc; path = Photo.m; sourceTree = "<group>"; };
		223547F81AE5A763001FE916 /* AddTripPhotosViewController.h */ = {isa = PBXFileReference; fileEncoding = 4; lastKnownFileType = sourcecode.c.h; path = AddTripPhotosViewController.h; sourceTree = "<group>"; };
		223547F91AE5A763001FE916 /* AddTripPhotosViewController.m */ = {isa = PBXFileReference; fileEncoding = 4; lastKnownFileType = sourcecode.c.objc; path = AddTripPhotosViewController.m; sourceTree = "<group>"; };
		22474D7B1AE5E29400C76E87 /* PhotoCollectionViewCell.h */ = {isa = PBXFileReference; fileEncoding = 4; lastKnownFileType = sourcecode.c.h; path = PhotoCollectionViewCell.h; sourceTree = "<group>"; };
		22474D7C1AE5E29400C76E87 /* PhotoCollectionViewCell.m */ = {isa = PBXFileReference; fileEncoding = 4; lastKnownFileType = sourcecode.c.objc; path = PhotoCollectionViewCell.m; sourceTree = "<group>"; };
		224F3F8C1AE1D35E003A1DEB /* TripTrunk.app */ = {isa = PBXFileReference; explicitFileType = wrapper.application; includeInIndex = 0; path = TripTrunk.app; sourceTree = BUILT_PRODUCTS_DIR; };
		224F3F901AE1D35E003A1DEB /* Info.plist */ = {isa = PBXFileReference; lastKnownFileType = text.plist.xml; path = Info.plist; sourceTree = "<group>"; };
		224F3F911AE1D35E003A1DEB /* main.m */ = {isa = PBXFileReference; lastKnownFileType = sourcecode.c.objc; path = main.m; sourceTree = "<group>"; };
		224F3F931AE1D35E003A1DEB /* AppDelegate.h */ = {isa = PBXFileReference; lastKnownFileType = sourcecode.c.h; path = AppDelegate.h; sourceTree = "<group>"; };
		224F3F941AE1D35E003A1DEB /* AppDelegate.m */ = {isa = PBXFileReference; lastKnownFileType = sourcecode.c.objc; path = AppDelegate.m; sourceTree = "<group>"; };
		224F3F961AE1D35E003A1DEB /* HomeMapViewController.h */ = {isa = PBXFileReference; lastKnownFileType = sourcecode.c.h; path = HomeMapViewController.h; sourceTree = "<group>"; };
		224F3F971AE1D35E003A1DEB /* HomeMapViewController.m */ = {isa = PBXFileReference; lastKnownFileType = sourcecode.c.objc; path = HomeMapViewController.m; sourceTree = "<group>"; };
		224F3F9A1AE1D35E003A1DEB /* Base */ = {isa = PBXFileReference; lastKnownFileType = file.storyboard; name = Base; path = Base.lproj/Main.storyboard; sourceTree = "<group>"; };
		224F3F9C1AE1D35E003A1DEB /* Images.xcassets */ = {isa = PBXFileReference; lastKnownFileType = folder.assetcatalog; path = Images.xcassets; sourceTree = "<group>"; };
		224F3F9F1AE1D35E003A1DEB /* Base */ = {isa = PBXFileReference; lastKnownFileType = file.xib; name = Base; path = Base.lproj/LaunchScreen.xib; sourceTree = "<group>"; };
		224F3FA51AE1D35E003A1DEB /* TripTrunkTests.xctest */ = {isa = PBXFileReference; explicitFileType = wrapper.cfbundle; includeInIndex = 0; path = TripTrunkTests.xctest; sourceTree = BUILT_PRODUCTS_DIR; };
		224F3FAA1AE1D35E003A1DEB /* Info.plist */ = {isa = PBXFileReference; lastKnownFileType = text.plist.xml; path = Info.plist; sourceTree = "<group>"; };
		224F3FAB1AE1D35E003A1DEB /* TripTrunkTests.m */ = {isa = PBXFileReference; lastKnownFileType = sourcecode.c.objc; path = TripTrunkTests.m; sourceTree = "<group>"; };
		224F3FB91AE1D8F6003A1DEB /* LoginViewController.h */ = {isa = PBXFileReference; fileEncoding = 4; lastKnownFileType = sourcecode.c.h; path = LoginViewController.h; sourceTree = "<group>"; };
		224F3FBA1AE1D8F6003A1DEB /* LoginViewController.m */ = {isa = PBXFileReference; fileEncoding = 4; lastKnownFileType = sourcecode.c.objc; path = LoginViewController.m; sourceTree = "<group>"; };
		224F3FE51AE1E565003A1DEB /* AudioToolbox.framework */ = {isa = PBXFileReference; lastKnownFileType = wrapper.framework; name = AudioToolbox.framework; path = System/Library/Frameworks/AudioToolbox.framework; sourceTree = SDKROOT; };
		224F3FE71AE1E56B003A1DEB /* CFNetwork.framework */ = {isa = PBXFileReference; lastKnownFileType = wrapper.framework; name = CFNetwork.framework; path = System/Library/Frameworks/CFNetwork.framework; sourceTree = SDKROOT; };
		224F3FE91AE1E572003A1DEB /* CoreGraphics.framework */ = {isa = PBXFileReference; lastKnownFileType = wrapper.framework; name = CoreGraphics.framework; path = System/Library/Frameworks/CoreGraphics.framework; sourceTree = SDKROOT; };
		224F3FEB1AE1E583003A1DEB /* MobileCoreServices.framework */ = {isa = PBXFileReference; lastKnownFileType = wrapper.framework; name = MobileCoreServices.framework; path = System/Library/Frameworks/MobileCoreServices.framework; sourceTree = SDKROOT; };
		224F3FED1AE1E589003A1DEB /* QuartzCore.framework */ = {isa = PBXFileReference; lastKnownFileType = wrapper.framework; name = QuartzCore.framework; path = System/Library/Frameworks/QuartzCore.framework; sourceTree = SDKROOT; };
		224F3FEF1AE1E590003A1DEB /* Security.framework */ = {isa = PBXFileReference; lastKnownFileType = wrapper.framework; name = Security.framework; path = System/Library/Frameworks/Security.framework; sourceTree = SDKROOT; };
		224F3FF11AE1E59E003A1DEB /* StoreKit.framework */ = {isa = PBXFileReference; lastKnownFileType = wrapper.framework; name = StoreKit.framework; path = System/Library/Frameworks/StoreKit.framework; sourceTree = SDKROOT; };
		224F3FF31AE1E5A6003A1DEB /* SystemConfiguration.framework */ = {isa = PBXFileReference; lastKnownFileType = wrapper.framework; name = SystemConfiguration.framework; path = System/Library/Frameworks/SystemConfiguration.framework; sourceTree = SDKROOT; };
		224F3FF51AE1E5AE003A1DEB /* libz.dylib */ = {isa = PBXFileReference; lastKnownFileType = "compiled.mach-o.dylib"; name = libz.dylib; path = usr/lib/libz.dylib; sourceTree = SDKROOT; };
		224F3FF71AE1E5B8003A1DEB /* libsqlite3.dylib */ = {isa = PBXFileReference; lastKnownFileType = "compiled.mach-o.dylib"; name = libsqlite3.dylib; path = usr/lib/libsqlite3.dylib; sourceTree = SDKROOT; };
		224F3FF91AE1E5BE003A1DEB /* UIKit.framework */ = {isa = PBXFileReference; lastKnownFileType = wrapper.framework; name = UIKit.framework; path = System/Library/Frameworks/UIKit.framework; sourceTree = SDKROOT; };
		229D42841AE850C700458244 /* TripImageView.h */ = {isa = PBXFileReference; fileEncoding = 4; lastKnownFileType = sourcecode.c.h; path = TripImageView.h; sourceTree = "<group>"; };
		229D42851AE850C700458244 /* TripImageView.m */ = {isa = PBXFileReference; fileEncoding = 4; lastKnownFileType = sourcecode.c.objc; path = TripImageView.m; sourceTree = "<group>"; };
/* End PBXFileReference section */

/* Begin PBXFrameworksBuildPhase section */
		224F3F891AE1D35E003A1DEB /* Frameworks */ = {
			isa = PBXFrameworksBuildPhase;
			buildActionMask = 2147483647;
			files = (
				223547EE1AE2BBEE001FE916 /* Social.framework in Frameworks */,
				223547EC1AE2BBD8001FE916 /* CoreLocation.framework in Frameworks */,
				223547EA1AE2BBD0001FE916 /* MapKit.framework in Frameworks */,
				223547E81AE2BBAE001FE916 /* Accounts.framework in Frameworks */,
				223547E61AE2BB92001FE916 /* Bolts.framework in Frameworks */,
				224F3FFA1AE1E5BE003A1DEB /* UIKit.framework in Frameworks */,
				224F3FF81AE1E5B8003A1DEB /* libsqlite3.dylib in Frameworks */,
				224F3FF61AE1E5AE003A1DEB /* libz.dylib in Frameworks */,
				224F3FF41AE1E5A6003A1DEB /* SystemConfiguration.framework in Frameworks */,
				224F3FF21AE1E59E003A1DEB /* StoreKit.framework in Frameworks */,
				224F3FF01AE1E590003A1DEB /* Security.framework in Frameworks */,
				224F3FEE1AE1E589003A1DEB /* QuartzCore.framework in Frameworks */,
				224F3FEC1AE1E583003A1DEB /* MobileCoreServices.framework in Frameworks */,
				223547E41AE2BB89001FE916 /* Parse.framework in Frameworks */,
				224F3FEA1AE1E572003A1DEB /* CoreGraphics.framework in Frameworks */,
				224F3FE81AE1E56B003A1DEB /* CFNetwork.framework in Frameworks */,
				224F3FE61AE1E565003A1DEB /* AudioToolbox.framework in Frameworks */,
			);
			runOnlyForDeploymentPostprocessing = 0;
		};
		224F3FA21AE1D35E003A1DEB /* Frameworks */ = {
			isa = PBXFrameworksBuildPhase;
			buildActionMask = 2147483647;
			files = (
			);
			runOnlyForDeploymentPostprocessing = 0;
		};
/* End PBXFrameworksBuildPhase section */

/* Begin PBXGroup section */
		224F3F831AE1D35E003A1DEB = {
			isa = PBXGroup;
			children = (
				224F3FDA1AE1DB64003A1DEB /* Frameworks */,
				224F3F8E1AE1D35E003A1DEB /* TripTrunk */,
				224F3FA81AE1D35E003A1DEB /* TripTrunkTests */,
				224F3F8D1AE1D35E003A1DEB /* Products */,
			);
			sourceTree = "<group>";
		};
		224F3F8D1AE1D35E003A1DEB /* Products */ = {
			isa = PBXGroup;
			children = (
				224F3F8C1AE1D35E003A1DEB /* TripTrunk.app */,
				224F3FA51AE1D35E003A1DEB /* TripTrunkTests.xctest */,
			);
			name = Products;
			sourceTree = "<group>";
		};
		224F3F8E1AE1D35E003A1DEB /* TripTrunk */ = {
			isa = PBXGroup;
			children = (
				224F3F991AE1D35E003A1DEB /* Main.storyboard */,
				224F3F931AE1D35E003A1DEB /* AppDelegate.h */,
				224F3F941AE1D35E003A1DEB /* AppDelegate.m */,
				224F3FB91AE1D8F6003A1DEB /* LoginViewController.h */,
				224F3FBA1AE1D8F6003A1DEB /* LoginViewController.m */,
				224F3F961AE1D35E003A1DEB /* HomeMapViewController.h */,
				224F3F971AE1D35E003A1DEB /* HomeMapViewController.m */,
				223547EF1AE320FF001FE916 /* AddTripViewController.h */,
				223547F01AE320FF001FE916 /* AddTripViewController.m */,
				223547F81AE5A763001FE916 /* AddTripPhotosViewController.h */,
				223547F91AE5A763001FE916 /* AddTripPhotosViewController.m */,
				220408D71AEC5475009DB060 /* TrunkListViewController.h */,
				220408D81AEC5475009DB060 /* TrunkListViewController.m */,
				229D42841AE850C700458244 /* TripImageView.h */,
				229D42851AE850C700458244 /* TripImageView.m */,
				22474D7B1AE5E29400C76E87 /* PhotoCollectionViewCell.h */,
				22474D7C1AE5E29400C76E87 /* PhotoCollectionViewCell.m */,
				223547F21AE322C3001FE916 /* Trip.h */,
				223547F31AE322C3001FE916 /* Trip.m */,
				223547F51AE333F2001FE916 /* Photo.h */,
				223547F61AE333F2001FE916 /* Photo.m */,
				224F3F9C1AE1D35E003A1DEB /* Images.xcassets */,
				224F3F9E1AE1D35E003A1DEB /* LaunchScreen.xib */,
				224F3F8F1AE1D35E003A1DEB /* Supporting Files */,
			);
			path = TripTrunk;
			sourceTree = "<group>";
		};
		224F3F8F1AE1D35E003A1DEB /* Supporting Files */ = {
			isa = PBXGroup;
			children = (
				224F3F901AE1D35E003A1DEB /* Info.plist */,
				224F3F911AE1D35E003A1DEB /* main.m */,
			);
			name = "Supporting Files";
			sourceTree = "<group>";
		};
		224F3FA81AE1D35E003A1DEB /* TripTrunkTests */ = {
			isa = PBXGroup;
			children = (
				224F3FAB1AE1D35E003A1DEB /* TripTrunkTests.m */,
				224F3FA91AE1D35E003A1DEB /* Supporting Files */,
			);
			path = TripTrunkTests;
			sourceTree = "<group>";
		};
		224F3FA91AE1D35E003A1DEB /* Supporting Files */ = {
			isa = PBXGroup;
			children = (
				224F3FAA1AE1D35E003A1DEB /* Info.plist */,
			);
			name = "Supporting Files";
			sourceTree = "<group>";
		};
		224F3FDA1AE1DB64003A1DEB /* Frameworks */ = {
			isa = PBXGroup;
			children = (
				223547ED1AE2BBEE001FE916 /* Social.framework */,
				223547EB1AE2BBD8001FE916 /* CoreLocation.framework */,
				223547E91AE2BBD0001FE916 /* MapKit.framework */,
				223547E71AE2BBAE001FE916 /* Accounts.framework */,
				224F3FF91AE1E5BE003A1DEB /* UIKit.framework */,
				224F3FF71AE1E5B8003A1DEB /* libsqlite3.dylib */,
				224F3FF51AE1E5AE003A1DEB /* libz.dylib */,
				223547E51AE2BB92001FE916 /* Bolts.framework */,
				223547E31AE2BB89001FE916 /* Parse.framework */,
				224F3FF31AE1E5A6003A1DEB /* SystemConfiguration.framework */,
				224F3FF11AE1E59E003A1DEB /* StoreKit.framework */,
				224F3FEF1AE1E590003A1DEB /* Security.framework */,
				224F3FED1AE1E589003A1DEB /* QuartzCore.framework */,
				224F3FEB1AE1E583003A1DEB /* MobileCoreServices.framework */,
				224F3FE91AE1E572003A1DEB /* CoreGraphics.framework */,
				224F3FE71AE1E56B003A1DEB /* CFNetwork.framework */,
				224F3FE51AE1E565003A1DEB /* AudioToolbox.framework */,
			);
			name = Frameworks;
			sourceTree = "<group>";
		};
/* End PBXGroup section */

/* Begin PBXNativeTarget section */
		224F3F8B1AE1D35E003A1DEB /* TripTrunk */ = {
			isa = PBXNativeTarget;
			buildConfigurationList = 224F3FAF1AE1D35E003A1DEB /* Build configuration list for PBXNativeTarget "TripTrunk" */;
			buildPhases = (
				224F3F881AE1D35E003A1DEB /* Sources */,
				224F3F891AE1D35E003A1DEB /* Frameworks */,
				224F3F8A1AE1D35E003A1DEB /* Resources */,
			);
			buildRules = (
			);
			dependencies = (
			);
			name = TripTrunk;
			productName = TripTrunk;
			productReference = 224F3F8C1AE1D35E003A1DEB /* TripTrunk.app */;
			productType = "com.apple.product-type.application";
		};
		224F3FA41AE1D35E003A1DEB /* TripTrunkTests */ = {
			isa = PBXNativeTarget;
			buildConfigurationList = 224F3FB21AE1D35E003A1DEB /* Build configuration list for PBXNativeTarget "TripTrunkTests" */;
			buildPhases = (
				224F3FA11AE1D35E003A1DEB /* Sources */,
				224F3FA21AE1D35E003A1DEB /* Frameworks */,
				224F3FA31AE1D35E003A1DEB /* Resources */,
			);
			buildRules = (
			);
			dependencies = (
				224F3FA71AE1D35E003A1DEB /* PBXTargetDependency */,
			);
			name = TripTrunkTests;
			productName = TripTrunkTests;
			productReference = 224F3FA51AE1D35E003A1DEB /* TripTrunkTests.xctest */;
			productType = "com.apple.product-type.bundle.unit-test";
		};
/* End PBXNativeTarget section */

/* Begin PBXProject section */
		224F3F841AE1D35E003A1DEB /* Project object */ = {
			isa = PBXProject;
			attributes = {
				LastUpgradeCheck = 0630;
				ORGANIZATIONNAME = "Michael Maloof";
				TargetAttributes = {
					224F3F8B1AE1D35E003A1DEB = {
						CreatedOnToolsVersion = 6.3;
					};
					224F3FA41AE1D35E003A1DEB = {
						CreatedOnToolsVersion = 6.3;
						TestTargetID = 224F3F8B1AE1D35E003A1DEB;
					};
				};
			};
			buildConfigurationList = 224F3F871AE1D35E003A1DEB /* Build configuration list for PBXProject "TripTrunk" */;
			compatibilityVersion = "Xcode 3.2";
			developmentRegion = English;
			hasScannedForEncodings = 0;
			knownRegions = (
				en,
				Base,
			);
			mainGroup = 224F3F831AE1D35E003A1DEB;
			productRefGroup = 224F3F8D1AE1D35E003A1DEB /* Products */;
			projectDirPath = "";
			projectRoot = "";
			targets = (
				224F3F8B1AE1D35E003A1DEB /* TripTrunk */,
				224F3FA41AE1D35E003A1DEB /* TripTrunkTests */,
			);
		};
/* End PBXProject section */

/* Begin PBXResourcesBuildPhase section */
		224F3F8A1AE1D35E003A1DEB /* Resources */ = {
			isa = PBXResourcesBuildPhase;
			buildActionMask = 2147483647;
			files = (
				224F3F9B1AE1D35E003A1DEB /* Main.storyboard in Resources */,
				224F3FA01AE1D35E003A1DEB /* LaunchScreen.xib in Resources */,
				224F3F9D1AE1D35E003A1DEB /* Images.xcassets in Resources */,
			);
			runOnlyForDeploymentPostprocessing = 0;
		};
		224F3FA31AE1D35E003A1DEB /* Resources */ = {
			isa = PBXResourcesBuildPhase;
			buildActionMask = 2147483647;
			files = (
			);
			runOnlyForDeploymentPostprocessing = 0;
		};
/* End PBXResourcesBuildPhase section */

/* Begin PBXSourcesBuildPhase section */
		224F3F881AE1D35E003A1DEB /* Sources */ = {
			isa = PBXSourcesBuildPhase;
			buildActionMask = 2147483647;
			files = (
				229D42861AE850C700458244 /* TripImageView.m in Sources */,
				223547F71AE333F2001FE916 /* Photo.m in Sources */,
				22474D7D1AE5E29400C76E87 /* PhotoCollectionViewCell.m in Sources */,
				224F3FBB1AE1D8F6003A1DEB /* LoginViewController.m in Sources */,
				223547F11AE320FF001FE916 /* AddTripViewController.m in Sources */,
				223547F41AE322C3001FE916 /* Trip.m in Sources */,
				220408D91AEC5475009DB060 /* TrunkListViewController.m in Sources */,
				223547FA1AE5A763001FE916 /* AddTripPhotosViewController.m in Sources */,
				224F3F981AE1D35E003A1DEB /* HomeMapViewController.m in Sources */,
				224F3F951AE1D35E003A1DEB /* AppDelegate.m in Sources */,
				224F3F921AE1D35E003A1DEB /* main.m in Sources */,
			);
			runOnlyForDeploymentPostprocessing = 0;
		};
		224F3FA11AE1D35E003A1DEB /* Sources */ = {
			isa = PBXSourcesBuildPhase;
			buildActionMask = 2147483647;
			files = (
				224F3FAC1AE1D35E003A1DEB /* TripTrunkTests.m in Sources */,
			);
			runOnlyForDeploymentPostprocessing = 0;
		};
/* End PBXSourcesBuildPhase section */

/* Begin PBXTargetDependency section */
		224F3FA71AE1D35E003A1DEB /* PBXTargetDependency */ = {
			isa = PBXTargetDependency;
			target = 224F3F8B1AE1D35E003A1DEB /* TripTrunk */;
			targetProxy = 224F3FA61AE1D35E003A1DEB /* PBXContainerItemProxy */;
		};
/* End PBXTargetDependency section */

/* Begin PBXVariantGroup section */
		224F3F991AE1D35E003A1DEB /* Main.storyboard */ = {
			isa = PBXVariantGroup;
			children = (
				224F3F9A1AE1D35E003A1DEB /* Base */,
			);
			name = Main.storyboard;
			sourceTree = "<group>";
		};
		224F3F9E1AE1D35E003A1DEB /* LaunchScreen.xib */ = {
			isa = PBXVariantGroup;
			children = (
				224F3F9F1AE1D35E003A1DEB /* Base */,
			);
			name = LaunchScreen.xib;
			sourceTree = "<group>";
		};
/* End PBXVariantGroup section */

/* Begin XCBuildConfiguration section */
		224F3FAD1AE1D35E003A1DEB /* Debug */ = {
			isa = XCBuildConfiguration;
			buildSettings = {
				ALWAYS_SEARCH_USER_PATHS = NO;
				CLANG_CXX_LANGUAGE_STANDARD = "gnu++0x";
				CLANG_CXX_LIBRARY = "libc++";
				CLANG_ENABLE_MODULES = YES;
				CLANG_ENABLE_OBJC_ARC = YES;
				CLANG_WARN_BOOL_CONVERSION = YES;
				CLANG_WARN_CONSTANT_CONVERSION = YES;
				CLANG_WARN_DIRECT_OBJC_ISA_USAGE = YES_ERROR;
				CLANG_WARN_EMPTY_BODY = YES;
				CLANG_WARN_ENUM_CONVERSION = YES;
				CLANG_WARN_INT_CONVERSION = YES;
				CLANG_WARN_OBJC_ROOT_CLASS = YES_ERROR;
				CLANG_WARN_UNREACHABLE_CODE = YES;
				CLANG_WARN__DUPLICATE_METHOD_MATCH = YES;
				"CODE_SIGN_IDENTITY[sdk=iphoneos*]" = "iPhone Developer";
				COPY_PHASE_STRIP = NO;
				DEBUG_INFORMATION_FORMAT = "dwarf-with-dsym";
				ENABLE_STRICT_OBJC_MSGSEND = YES;
				GCC_C_LANGUAGE_STANDARD = gnu99;
				GCC_DYNAMIC_NO_PIC = NO;
				GCC_NO_COMMON_BLOCKS = YES;
				GCC_OPTIMIZATION_LEVEL = 0;
				GCC_PREPROCESSOR_DEFINITIONS = (
					"DEBUG=1",
					"$(inherited)",
				);
				GCC_SYMBOLS_PRIVATE_EXTERN = NO;
				GCC_WARN_64_TO_32_BIT_CONVERSION = YES;
				GCC_WARN_ABOUT_RETURN_TYPE = YES_ERROR;
				GCC_WARN_UNDECLARED_SELECTOR = YES;
				GCC_WARN_UNINITIALIZED_AUTOS = YES_AGGRESSIVE;
				GCC_WARN_UNUSED_FUNCTION = YES;
				GCC_WARN_UNUSED_VARIABLE = YES;
				IPHONEOS_DEPLOYMENT_TARGET = 8.3;
				MTL_ENABLE_DEBUG_INFO = YES;
				ONLY_ACTIVE_ARCH = YES;
				SDKROOT = iphoneos;
				TARGETED_DEVICE_FAMILY = "1,2";
			};
			name = Debug;
		};
		224F3FAE1AE1D35E003A1DEB /* Release */ = {
			isa = XCBuildConfiguration;
			buildSettings = {
				ALWAYS_SEARCH_USER_PATHS = NO;
				CLANG_CXX_LANGUAGE_STANDARD = "gnu++0x";
				CLANG_CXX_LIBRARY = "libc++";
				CLANG_ENABLE_MODULES = YES;
				CLANG_ENABLE_OBJC_ARC = YES;
				CLANG_WARN_BOOL_CONVERSION = YES;
				CLANG_WARN_CONSTANT_CONVERSION = YES;
				CLANG_WARN_DIRECT_OBJC_ISA_USAGE = YES_ERROR;
				CLANG_WARN_EMPTY_BODY = YES;
				CLANG_WARN_ENUM_CONVERSION = YES;
				CLANG_WARN_INT_CONVERSION = YES;
				CLANG_WARN_OBJC_ROOT_CLASS = YES_ERROR;
				CLANG_WARN_UNREACHABLE_CODE = YES;
				CLANG_WARN__DUPLICATE_METHOD_MATCH = YES;
				"CODE_SIGN_IDENTITY[sdk=iphoneos*]" = "iPhone Developer";
				COPY_PHASE_STRIP = NO;
				DEBUG_INFORMATION_FORMAT = "dwarf-with-dsym";
				ENABLE_NS_ASSERTIONS = NO;
				ENABLE_STRICT_OBJC_MSGSEND = YES;
				GCC_C_LANGUAGE_STANDARD = gnu99;
				GCC_NO_COMMON_BLOCKS = YES;
				GCC_WARN_64_TO_32_BIT_CONVERSION = YES;
				GCC_WARN_ABOUT_RETURN_TYPE = YES_ERROR;
				GCC_WARN_UNDECLARED_SELECTOR = YES;
				GCC_WARN_UNINITIALIZED_AUTOS = YES_AGGRESSIVE;
				GCC_WARN_UNUSED_FUNCTION = YES;
				GCC_WARN_UNUSED_VARIABLE = YES;
				IPHONEOS_DEPLOYMENT_TARGET = 8.3;
				MTL_ENABLE_DEBUG_INFO = NO;
				SDKROOT = iphoneos;
				TARGETED_DEVICE_FAMILY = "1,2";
				VALIDATE_PRODUCT = YES;
			};
			name = Release;
		};
		224F3FB01AE1D35E003A1DEB /* Debug */ = {
			isa = XCBuildConfiguration;
			buildSettings = {
				ASSETCATALOG_COMPILER_APPICON_NAME = AppIcon;
				FRAMEWORK_SEARCH_PATHS = (
					"$(inherited)",
					/Users/MichaelMaloof/Documents/Development,
					"/Users/MichaelMaloof/Documents/Development/Frameworks/parse-library-1.6.2",
					"/Users/MichaelMaloof/Documents/Development/Frameworks/parse-library-1.7.1",
					/Users/MichaelMaloof/Documents/Development/FacebookSDK,
					"$(PROJECT_DIR)",
					/Users/MichaelMaloof/Documents/Development/Frameworks,
					/Users/MichaelMaloof/Documents/FacebookSDK,
				);
				INFOPLIST_FILE = TripTrunk/Info.plist;
				LD_RUNPATH_SEARCH_PATHS = "$(inherited) @executable_path/Frameworks";
				ONLY_ACTIVE_ARCH = NO;
				PRODUCT_NAME = "$(TARGET_NAME)";
			};
			name = Debug;
		};
		224F3FB11AE1D35E003A1DEB /* Release */ = {
			isa = XCBuildConfiguration;
			buildSettings = {
				ASSETCATALOG_COMPILER_APPICON_NAME = AppIcon;
				FRAMEWORK_SEARCH_PATHS = (
					"$(inherited)",
					/Users/MichaelMaloof/Documents/Development,
					"/Users/MichaelMaloof/Documents/Development/Frameworks/parse-library-1.6.2",
					"/Users/MichaelMaloof/Documents/Development/Frameworks/parse-library-1.7.1",
					/Users/MichaelMaloof/Documents/Development/FacebookSDK,
					"$(PROJECT_DIR)",
					/Users/MichaelMaloof/Documents/Development/Frameworks,
					/Users/MichaelMaloof/Documents/FacebookSDK,
				);
				INFOPLIST_FILE = TripTrunk/Info.plist;
				LD_RUNPATH_SEARCH_PATHS = "$(inherited) @executable_path/Frameworks";
				ONLY_ACTIVE_ARCH = NO;
				PRODUCT_NAME = "$(TARGET_NAME)";
			};
			name = Release;
		};
		224F3FB31AE1D35E003A1DEB /* Debug */ = {
			isa = XCBuildConfiguration;
			buildSettings = {
				BUNDLE_LOADER = "$(TEST_HOST)";
				FRAMEWORK_SEARCH_PATHS = (
					"$(SDKROOT)/Developer/Library/Frameworks",
					"$(inherited)",
				);
				GCC_PREPROCESSOR_DEFINITIONS = (
					"DEBUG=1",
					"$(inherited)",
				);
				INFOPLIST_FILE = TripTrunkTests/Info.plist;
				LD_RUNPATH_SEARCH_PATHS = "$(inherited) @executable_path/Frameworks @loader_path/Frameworks";
				PRODUCT_NAME = "$(TARGET_NAME)";
				TEST_HOST = "$(BUILT_PRODUCTS_DIR)/TripTrunk.app/TripTrunk";
			};
			name = Debug;
		};
		224F3FB41AE1D35E003A1DEB /* Release */ = {
			isa = XCBuildConfiguration;
			buildSettings = {
				BUNDLE_LOADER = "$(TEST_HOST)";
				FRAMEWORK_SEARCH_PATHS = (
					"$(SDKROOT)/Developer/Library/Frameworks",
					"$(inherited)",
				);
				INFOPLIST_FILE = TripTrunkTests/Info.plist;
				LD_RUNPATH_SEARCH_PATHS = "$(inherited) @executable_path/Frameworks @loader_path/Frameworks";
				PRODUCT_NAME = "$(TARGET_NAME)";
				TEST_HOST = "$(BUILT_PRODUCTS_DIR)/TripTrunk.app/TripTrunk";
			};
			name = Release;
		};
/* End XCBuildConfiguration section */

/* Begin XCConfigurationList section */
		224F3F871AE1D35E003A1DEB /* Build configuration list for PBXProject "TripTrunk" */ = {
			isa = XCConfigurationList;
			buildConfigurations = (
				224F3FAD1AE1D35E003A1DEB /* Debug */,
				224F3FAE1AE1D35E003A1DEB /* Release */,
			);
			defaultConfigurationIsVisible = 0;
			defaultConfigurationName = Release;
		};
		224F3FAF1AE1D35E003A1DEB /* Build configuration list for PBXNativeTarget "TripTrunk" */ = {
			isa = XCConfigurationList;
			buildConfigurations = (
				224F3FB01AE1D35E003A1DEB /* Debug */,
				224F3FB11AE1D35E003A1DEB /* Release */,
			);
			defaultConfigurationIsVisible = 0;
			defaultConfigurationName = Release;
		};
		224F3FB21AE1D35E003A1DEB /* Build configuration list for PBXNativeTarget "TripTrunkTests" */ = {
			isa = XCConfigurationList;
			buildConfigurations = (
				224F3FB31AE1D35E003A1DEB /* Debug */,
				224F3FB41AE1D35E003A1DEB /* Release */,
			);
			defaultConfigurationIsVisible = 0;
			defaultConfigurationName = Release;
		};
/* End XCConfigurationList section */
	};
	rootObject = 224F3F841AE1D35E003A1DEB /* Project object */;
}
